
Microsoft Visual Studio Solution File, Format Version 12.00
# Visual Studio Version 16
VisualStudioVersion = 16.0.30114.105
MinimumVisualStudioVersion = 10.0.40219.1
Project("{2150E333-8FDC-42A3-9474-1A3956D46DE8}") = "src", "src", "{1157AB42-EACF-454D-92D5-DBA9FF3D0E24}"
EndProject
Project("{FAE04EC0-301F-11D3-BF4B-00C04F79EFBC}") = "AssociationRegistry.Acm.Api", "src\AssociationRegistry.Acm.Api\AssociationRegistry.Acm.Api.csproj", "{3BD77833-6175-4440-903D-88F9B07C6FE6}"
EndProject
Project("{2150E333-8FDC-42A3-9474-1A3956D46DE8}") = ".Solution Items", ".Solution Items", "{C9AFE263-FC5F-4243-BC1F-737B0CCB6DE6}"
	ProjectSection(SolutionItems) = preProject
		global.json = global.json
		SolutionInfo.cs = SolutionInfo.cs
		.gitignore = .gitignore
		package.json = package.json
		docker-compose.yml = docker-compose.yml
		definition_of_done.md = definition_of_done.md
		readme.md = readme.md
		CONTRIBUTING.md = CONTRIBUTING.md
		regen-marten.sh = regen-marten.sh
		otel-collector-config.yaml = otel-collector-config.yaml
		docker-compose.services.yml = docker-compose.services.yml
		.dockerignore = .dockerignore
		Directory.Packages.props = Directory.Packages.props
	EndProjectSection
EndProject
Project("{2150E333-8FDC-42A3-9474-1A3956D46DE8}") = "test", "test", "{C812C887-6495-405A-8B99-4F686D243126}"
EndProject
Project("{2150E333-8FDC-42A3-9474-1A3956D46DE8}") = ".domain", ".domain", "{D0D4E5F6-A7B8-9012-3456-7890ABCDEF01}"
EndProject
Project("{2150E333-8FDC-42A3-9474-1A3956D46DE8}") = "public-api", "public-api", "{A1B2C3D4-E5F6-7890-1234-567890ABCDEF}"
EndProject
Project("{2150E333-8FDC-42A3-9474-1A3956D46DE8}") = "admin-api", "admin-api", "{B2C3D4E5-F6A7-8901-2345-67890ABCDEF1}"
EndProject
Project("{2150E333-8FDC-42A3-9474-1A3956D46DE8}") = "integrations", "integrations", "{C3D4E5F6-A7B8-9012-3456-7890ABCDEF12}"
EndProject
Project("{2150E333-8FDC-42A3-9474-1A3956D46DE8}") = "acm-api", "acm-api", "{C8C9D0E1-F2A3-4567-89AB-CDEF67890123}"
EndProject
Project("{2150E333-8FDC-42A3-9474-1A3956D46DE8}") = "powerbi-export-host", "powerbi-export-host", "{A6A7B8C9-D0E1-2345-6789-0ABCDEF45678}"
EndProject
Project("{2150E333-8FDC-42A3-9474-1A3956D46DE8}") = "kbo-sync-lambda", "kbo-sync-lambda", "{B7B8C9D0-E1F2-3456-789A-BCDEF5678901}"
EndProject
Project("{2150E333-8FDC-42A3-9474-1A3956D46DE8}") = "admin-address-sync", "admin-address-sync", "{D9D0E1F2-A3B4-5678-9ABC-DEF789012345}"
EndProject
Project("{FAE04EC0-301F-11D3-BF4B-00C04F79EFBC}") = "AssociationRegistry.Test", "test\AssociationRegistry.Test\AssociationRegistry.Test.csproj", "{B5A6597C-4BCF-4680-B2EB-23AB7182F64E}"
EndProject
Project("{2150E333-8FDC-42A3-9474-1A3956D46DE8}") = ".github", ".github", "{75DFC6A3-90CB-4041-B122-8546DCD4D7F6}"
	ProjectSection(SolutionItems) = preProject
		.github\CODEOWNERS = .github\CODEOWNERS
	EndProjectSection
EndProject
Project("{2150E333-8FDC-42A3-9474-1A3956D46DE8}") = "workflows", "workflows", "{11DA6C2C-FBC0-4537-A4F8-2C7F546BB8CA}"
	ProjectSection(SolutionItems) = preProject
		.github\workflows\admin.push-awscli.yml = .github\workflows\admin.push-awscli.yml
		.github\workflows\admin.push-otel.yml = .github\workflows\admin.push-otel.yml
		.github\workflows\cicd.main.yml = .github\workflows\cicd.main.yml
		.github\workflows\cicd.nightly.yml = .github\workflows\cicd.nightly.yml
		.github\workflows\cicd.pull-request.yml = .github\workflows\cicd.pull-request.yml
		.github\workflows\deploy.hotfix.yml = .github\workflows\deploy.hotfix.yml
		.github\workflows\deploy.manual.kbo-lambdas.yml = .github\workflows\deploy.manual.kbo-lambdas.yml
		.github\workflows\deploy.manual.prd.yml = .github\workflows\deploy.manual.prd.yml
		.github\workflows\deploy.manual.stg.yml = .github\workflows\deploy.manual.stg.yml
		.github\workflows\deploy.manual.tst.yml = .github\workflows\deploy.manual.tst.yml
		.github\workflows\postman.full.yml = .github\workflows\postman.full.yml
		.github\workflows\postman.minimal.yml = .github\workflows\postman.minimal.yml
		.github\workflows\shared.build-image.yml = .github\workflows\shared.build-image.yml
		.github\workflows\shared.run-tests.yml = .github\workflows\shared.run-tests.yml
	EndProjectSection
EndProject
Project("{FAE04EC0-301F-11D3-BF4B-00C04F79EFBC}") = "AssociationRegistry.Public.Api", "src\AssociationRegistry.Public.Api\AssociationRegistry.Public.Api.csproj", "{EC780706-D1C5-46DA-A9EA-1691E3C5052A}"
EndProject
Project("{2150E333-8FDC-42A3-9474-1A3956D46DE8}") = "identityserver", "identityserver", "{D4AE63B8-9A67-43E5-865B-8E40BD1335CD}"
	ProjectSection(SolutionItems) = preProject
		identityserver\acm.json = identityserver\acm.json
		identityserver\vr.json = identityserver\vr.json
	EndProjectSection
EndProject
Project("{FAE04EC0-301F-11D3-BF4B-00C04F79EFBC}") = "AssociationRegistry.Admin.Api", "src\AssociationRegistry.Admin.Api\AssociationRegistry.Admin.Api.csproj", "{DAF6443B-10E9-4847-9E1F-DBE275E8C750}"
EndProject
Project("{FAE04EC0-301F-11D3-BF4B-00C04F79EFBC}") = "AssociationRegistry", "src\AssociationRegistry\AssociationRegistry.csproj", "{08A33B13-190D-4A7A-B5D3-684D2DAD8A3E}"
EndProject
Project("{FAE04EC0-301F-11D3-BF4B-00C04F79EFBC}") = "AssociationRegistry.OpenTelemetry", "src\AssociationRegistry.OpenTelemetry\AssociationRegistry.OpenTelemetry.csproj", "{C25E2A86-E408-42C0-BAB8-560B19067014}"
EndProject
Project("{2150E333-8FDC-42A3-9474-1A3956D46DE8}") = "infra", "infra", "{20B970CD-1737-4427-A924-D299A42346FE}"
EndProject
Project("{FAE04EC0-301F-11D3-BF4B-00C04F79EFBC}") = "AssociationRegistry.Public.ProjectionHost", "src\AssociationRegistry.Public.ProjectionHost\AssociationRegistry.Public.ProjectionHost.csproj", "{3393EDF4-1C36-4683-A2C7-EA1129EB3C7D}"
EndProject
Project("{FAE04EC0-301F-11D3-BF4B-00C04F79EFBC}") = "AssociationRegistry.Public.Schema", "src\AssociationRegistry.Public.Schema\AssociationRegistry.Public.Schema.csproj", "{4CE5590C-5B04-4A95-9B2C-B7AD1619D2C5}"
EndProject
Project("{FAE04EC0-301F-11D3-BF4B-00C04F79EFBC}") = "AssociationRegistry.Test.Admin.Api", "test\AssociationRegistry.Test.Admin.Api\AssociationRegistry.Test.Admin.Api.csproj", "{EC67CD82-32AE-4D2D-B861-C0C70AAB9C5F}"
EndProject
Project("{FAE04EC0-301F-11D3-BF4B-00C04F79EFBC}") = "AssociationRegistry.Test.Public.Api", "test\AssociationRegistry.Test.Public.Api\AssociationRegistry.Test.Public.Api.csproj", "{BF7CCE7D-0CDD-430F-BC99-0DCC04E477D1}"
EndProject
Project("{FAE04EC0-301F-11D3-BF4B-00C04F79EFBC}") = "AssociationRegistry.Test.Acm.Api", "test\AssociationRegistry.Test.Acm.Api\AssociationRegistry.Test.Acm.Api.csproj", "{FBB7C774-77D0-46E8-A9BF-E6F03F4806D7}"
EndProject
Project("{FAE04EC0-301F-11D3-BF4B-00C04F79EFBC}") = "AssociationRegistry.Acm.Schema", "src\AssociationRegistry.Acm.Schema\AssociationRegistry.Acm.Schema.csproj", "{D6A46295-24F1-4B78-81B6-57DFE04EE1D3}"
EndProject
Project("{FAE04EC0-301F-11D3-BF4B-00C04F79EFBC}") = "AssociationRegistry.Admin.Schema", "src\AssociationRegistry.Admin.Schema\AssociationRegistry.Admin.Schema.csproj", "{586CF77B-1480-4CC4-9B46-708715D156F2}"
EndProject
Project("{FAE04EC0-301F-11D3-BF4B-00C04F79EFBC}") = "AssociationRegistry.Admin.ProjectionHost", "src\AssociationRegistry.Admin.ProjectionHost\AssociationRegistry.Admin.ProjectionHost.csproj", "{C965617C-0230-4167-98E5-508436A09F93}"
EndProject
Project("{2150E333-8FDC-42A3-9474-1A3956D46DE8}") = "wiremock", "wiremock", "{DBDE4EB5-760D-48AA-BDE4-59704B669084}"
EndProject
Project("{2150E333-8FDC-42A3-9474-1A3956D46DE8}") = "__files", "__files", "{A30C8928-5F0D-459A-BB1B-0AE24A160CBB}"
EndProject
Project("{2150E333-8FDC-42A3-9474-1A3956D46DE8}") = "mappings", "mappings", "{9E074A15-9B15-4B42-8D0B-8DA1A618330C}"
	ProjectSection(SolutionItems) = preProject
		wiremock\mappings\GeefOnderneming.json = wiremock\mappings\GeefOnderneming.json
		wiremock\mappings\GeefOnderneming.fallback.json = wiremock\mappings\GeefOnderneming.fallback.json
		wiremock\mappings\unmapped.json = wiremock\mappings\unmapped.json
		wiremock\mappings\GeefOnderneming.connection-failure.json = wiremock\mappings\GeefOnderneming.connection-failure.json
		wiremock\mappings\GeefOnderneming.notfound.json = wiremock\mappings\GeefOnderneming.notfound.json
		wiremock\mappings\GeefOnderneming.vestiging.json = wiremock\mappings\GeefOnderneming.vestiging.json
		wiremock\mappings\projectionactions.json = wiremock\mappings\projectionactions.json
		wiremock\mappings\RegistreerInschrijving.json = wiremock\mappings\RegistreerInschrijving.json
		wiremock\mappings\RegistreerInschrijving.connection-failure.json = wiremock\mappings\RegistreerInschrijving.connection-failure.json
		wiremock\mappings\RegistreerInschrijving.uitzondering.fout.json = wiremock\mappings\RegistreerInschrijving.uitzondering.fout.json
		wiremock\mappings\AdresMatch.exact-match-dendermonde.json = wiremock\mappings\AdresMatch.exact-match-dendermonde.json
		wiremock\mappings\AdresMatch.no-exact-match-dendermonde.json = wiremock\mappings\AdresMatch.no-exact-match-dendermonde.json
		wiremock\mappings\AdresMatch.exact-match-affligem.json = wiremock\mappings\AdresMatch.exact-match-affligem.json
		wiremock\mappings\PostalInformation.1790.json = wiremock\mappings\PostalInformation.1790.json
		wiremock\mappings\PostalInformation.9200.json = wiremock\mappings\PostalInformation.9200.json
		wiremock\mappings\PostalInformation.fallback.json = wiremock\mappings\PostalInformation.fallback.json
		wiremock\mappings\AdresMatch.exact-match-hekelgem.json = wiremock\mappings\AdresMatch.exact-match-hekelgem.json
		wiremock\mappings\AdresDetail.861019.json = wiremock\mappings\AdresDetail.861019.json
		wiremock\mappings\Slack.json = wiremock\mappings\Slack.json
	EndProjectSection
EndProject
Project("{FAE04EC0-301F-11D3-BF4B-00C04F79EFBC}") = "AssociationRegistry.Integrations.Magda", "src\integrations\AssociationRegistry.Integrations.Magda\AssociationRegistry.Integrations.Magda.csproj", "{85139412-485D-4B23-8423-A0C2021B60DE}"
EndProject
Project("{2150E333-8FDC-42A3-9474-1A3956D46DE8}") = "GeefOndernemingResponses", "GeefOndernemingResponses", "{9C2CDA4C-FFF3-4AA1-B31A-8804D98F0469}"
	ProjectSection(SolutionItems) = preProject
		wiremock\__files\GeefOndernemingResponses\0442528054.xml = wiremock\__files\GeefOndernemingResponses\0442528054.xml
		wiremock\__files\GeefOndernemingResponses\0563634435.xml = wiremock\__files\GeefOndernemingResponses\0563634435.xml
		wiremock\__files\GeefOndernemingResponses\fallback.xml = wiremock\__files\GeefOndernemingResponses\fallback.xml
		wiremock\__files\GeefOndernemingResponses\0468831484.xml = wiremock\__files\GeefOndernemingResponses\0468831484.xml
		wiremock\__files\GeefOndernemingResponses\0546572531.xml = wiremock\__files\GeefOndernemingResponses\0546572531.xml
		wiremock\__files\GeefOndernemingResponses\0554790609.xml = wiremock\__files\GeefOndernemingResponses\0554790609.xml
		wiremock\__files\GeefOndernemingResponses\0824992720.xml = wiremock\__files\GeefOndernemingResponses\0824992720.xml
		wiremock\__files\GeefOndernemingResponses\0000000196.notfound.xml = wiremock\__files\GeefOndernemingResponses\0000000196.notfound.xml
		wiremock\__files\GeefOndernemingResponses\2289324120.vestiging.xml = wiremock\__files\GeefOndernemingResponses\2289324120.vestiging.xml
		wiremock\__files\GeefOndernemingResponses\0407622110.xml = wiremock\__files\GeefOndernemingResponses\0407622110.xml
		wiremock\__files\GeefOndernemingResponses\0408498573.xml = wiremock\__files\GeefOndernemingResponses\0408498573.xml
		wiremock\__files\GeefOndernemingResponses\0407622011.xml = wiremock\__files\GeefOndernemingResponses\0407622011.xml
	EndProjectSection
EndProject
Project("{FAE04EC0-301F-11D3-BF4B-00C04F79EFBC}") = "AssociationRegistry.Hosts", "src\AssociationRegistry.Hosts\AssociationRegistry.Hosts.csproj", "{F0853B2C-FEAB-4ACF-92D5-D9FBC3DA1427}"
EndProject
Project("{2150E333-8FDC-42A3-9474-1A3956D46DE8}") = "RegistreerInschrijvingResponses", "RegistreerInschrijvingResponses", "{598628E9-81AA-41EE-8F2A-C9607A2D294A}"
	ProjectSection(SolutionItems) = preProject
		wiremock\__files\RegistreerInschrijvingResponses\RegistreerInschrijvingResponse.xml = wiremock\__files\RegistreerInschrijvingResponses\RegistreerInschrijvingResponse.xml
		wiremock\__files\RegistreerInschrijvingResponses\0725459040.uitzondering.fout.xml = wiremock\__files\RegistreerInschrijvingResponses\0725459040.uitzondering.fout.xml
	EndProjectSection
EndProject
Project("{2150E333-8FDC-42A3-9474-1A3956D46DE8}") = "localstack", "localstack", "{4D444ED0-6735-4DDC-B3AC-7586B420130B}"
EndProject
Project("{2150E333-8FDC-42A3-9474-1A3956D46DE8}") = "init", "init", "{E2C1D6C3-9594-45D1-832D-E83BBCB71A32}"
EndProject
Project("{2150E333-8FDC-42A3-9474-1A3956D46DE8}") = "boot", "boot", "{74A2617E-BA79-459C-ABCE-1EBB4B2BC826}"
	ProjectSection(SolutionItems) = preProject
		.localstack\init\boot.d\update-bin.sh = .localstack\init\boot.d\update-bin.sh
	EndProjectSection
EndProject
Project("{2150E333-8FDC-42A3-9474-1A3956D46DE8}") = "ready", "ready", "{24B63C4D-D0B0-41BF-9CC8-8C3C7E6D5778}"
	ProjectSection(SolutionItems) = preProject
		.localstack\init\ready.d\01_sqs-init.sh = .localstack\init\ready.d\01_sqs-init.sh
		.localstack\init\ready.d\02_s3-init.sh = .localstack\init\ready.d\02_s3-init.sh
	EndProjectSection
EndProject
Project("{2150E333-8FDC-42A3-9474-1A3956D46DE8}") = "AdresMatch", "AdresMatch", "{CB723987-9ECB-446A-832A-18CA30D7B8FE}"
	ProjectSection(SolutionItems) = preProject
		wiremock\__files\AdresMatch\Exact_Match_Dendermonde.json = wiremock\__files\AdresMatch\Exact_Match_Dendermonde.json
		wiremock\__files\AdresMatch\No_Exact_Match_Dendermonde.json = wiremock\__files\AdresMatch\No_Exact_Match_Dendermonde.json
		wiremock\__files\AdresMatch\Exact_Match_Affligem.json = wiremock\__files\AdresMatch\Exact_Match_Affligem.json
		wiremock\__files\AdresMatch\Exact_Match_Hekelgem.json = wiremock\__files\AdresMatch\Exact_Match_Hekelgem.json
	EndProjectSection
EndProject
Project("{2150E333-8FDC-42A3-9474-1A3956D46DE8}") = "PostalInformation", "PostalInformation", "{DBB70D11-0133-4322-B34E-0B8E0433E4A5}"
	ProjectSection(SolutionItems) = preProject
		wiremock\__files\PostalInformation\1790.json = wiremock\__files\PostalInformation\1790.json
		wiremock\__files\PostalInformation\9200.json = wiremock\__files\PostalInformation\9200.json
		wiremock\__files\PostalInformation\fallback.json = wiremock\__files\PostalInformation\fallback.json
	EndProjectSection
EndProject
Project("{FAE04EC0-301F-11D3-BF4B-00C04F79EFBC}") = "AssociationRegistry.Admin.AddressSync", "src\AssociationRegistry.Admin.AddressSync\AssociationRegistry.Admin.AddressSync.csproj", "{88BE47C2-15FB-4EB2-A67C-914F8249BD46}"
EndProject
Project("{FAE04EC0-301F-11D3-BF4B-00C04F79EFBC}") = "AssociationRegistry.Test.Admin.AddressSync", "test\AssociationRegistry.Test.Admin.AddressSync\AssociationRegistry.Test.Admin.AddressSync.csproj", "{C13C7A60-30CF-406F-A155-29499789A8B4}"
EndProject
Project("{FAE04EC0-301F-11D3-BF4B-00C04F79EFBC}") = "AssociationRegistry.Test.E2E", "test\AssociationRegistry.Test.E2E\AssociationRegistry.Test.E2E.csproj", "{35329610-DF1E-4324-9B0D-0823741FBC53}"
EndProject
Project("{FAE04EC0-301F-11D3-BF4B-00C04F79EFBC}") = "AssociationRegistry.Test.Common", "test\AssociationRegistry.Test.Common\AssociationRegistry.Test.Common.csproj", "{3949D87F-4DE3-44CC-96AA-CF93BE770DAE}"
EndProject
Project("{FAE04EC0-301F-11D3-BF4B-00C04F79EFBC}") = "AssociationRegistry.PowerBi.ExportHost", "src\AssociationRegistry.PowerBi.ExportHost\AssociationRegistry.PowerBi.ExportHost.csproj", "{AC334242-4A17-4E1B-883F-9B0E85B47163}"
EndProject
Project("{FAE04EC0-301F-11D3-BF4B-00C04F79EFBC}") = "AssociationRegistry.Test.PowerBi.ExportHost", "test\AssociationRegistry.Test.PowerBi.ExportHost\AssociationRegistry.Test.PowerBi.ExportHost.csproj", "{14C4D10A-7BE1-4C89-833C-2699605319A9}"
EndProject
Project("{FAE04EC0-301F-11D3-BF4B-00C04F79EFBC}") = "AssociationRegistry.Test.Projections", "test\AssociationRegistry.Test.Projections\AssociationRegistry.Test.Projections.csproj", "{F133FB97-C071-4CB8-91C4-F938497DB3A3}"
EndProject
Project("{FAE04EC0-301F-11D3-BF4B-00C04F79EFBC}") = "AssociationRegistry.KboMutations.SyncLambda", "src\AssociationRegistry.KboMutations.SyncLambda\AssociationRegistry.KboMutations.SyncLambda.csproj", "{2308A676-88B6-4943-877B-DE5E4BB19CAD}"
EndProject
Project("{FAE04EC0-301F-11D3-BF4B-00C04F79EFBC}") = "AssociationRegistry.KboMutations", "src\AssociationRegistry.KboMutations\AssociationRegistry.KboMutations.csproj", "{AF502331-FD6D-4D2D-A1B0-ECBAA92D090D}"
EndProject
Project("{2150E333-8FDC-42A3-9474-1A3956D46DE8}") = "AdresDetail", "AdresDetail", "{6E2B754D-803C-4874-8088-5C106E53C400}"
	ProjectSection(SolutionItems) = preProject
		wiremock\__files\AdresDetail\861019.json = wiremock\__files\AdresDetail\861019.json
	EndProjectSection
EndProject
Project("{FAE04EC0-301F-11D3-BF4B-00C04F79EFBC}") = "AssociationRegistry.MartenDb", "src\AssociationRegistry.MartenDb\AssociationRegistry.MartenDb.csproj", "{FD9A80A6-2905-4DFE-8FB2-F9F32EE4AD6B}"
EndProject
Project("{FAE04EC0-301F-11D3-BF4B-00C04F79EFBC}") = "AssociationRegistry.Integrations.Grar", "src\integrations\AssociationRegistry.Integrations.Grar\AssociationRegistry.Integrations.Grar.csproj", "{9B2909A8-D63C-4FBD-A0AD-76DCEFACCA29}"
EndProject
Project("{FAE04EC0-301F-11D3-BF4B-00C04F79EFBC}") = "AssociationRegistry.Contracts", "src\AssociationRegistry.Contracts\AssociationRegistry.Contracts.csproj", "{8E20CFA8-D985-4831-B4E9-8565CD19F219}"
EndProject
Project("{FAE04EC0-301F-11D3-BF4B-00C04F79EFBC}") = "AssociationRegistry.CommandHandling", "src\AssociationRegistry.CommandHandling\AssociationRegistry.CommandHandling.csproj", "{1BEFE15D-E836-49E7-860E-3490811842D3}"
EndProject
Project("{FAE04EC0-301F-11D3-BF4B-00C04F79EFBC}") = "AssociationRegistry.Integrations.Slack", "AssociationRegistry.Integrations.Slack\AssociationRegistry.Integrations.Slack.csproj", "{282596DA-A818-4908-9F09-2DA5BA22CFB1}"
EndProject
Project("{2150E333-8FDC-42A3-9474-1A3956D46DE8}") = "Migrations", "Migrations", "{B6F2AD3C-9322-449D-A627-E9397756CB20}"
EndProject
Project("{FAE04EC0-301F-11D3-BF4B-00C04F79EFBC}") = "AssociationRegistry.Migrations.Runner", "src\AssociationRegistry.Migrations.Runner\AssociationRegistry.Migrations.Runner.csproj", "{4EDC3BE0-2C3B-44B5-8471-94989896DD00}"
EndProject
Project("{FAE04EC0-301F-11D3-BF4B-00C04F79EFBC}") = "AssociationRegistry.Migrations.Generator", "src\AssociationRegistry.Migrations.Generator\AssociationRegistry.Migrations.Generator.csproj", "{383222E1-80F0-4C85-826F-B7D0C10605BC}"
EndProject
Global
	GlobalSection(SolutionConfigurationPlatforms) = preSolution
		Debug|Any CPU = Debug|Any CPU
		Debug|x64 = Debug|x64
		Debug|x86 = Debug|x86
		Release|Any CPU = Release|Any CPU
		Release|x64 = Release|x64
		Release|x86 = Release|x86
	EndGlobalSection
	GlobalSection(ProjectConfigurationPlatforms) = postSolution
		{3BD77833-6175-4440-903D-88F9B07C6FE6}.Debug|Any CPU.ActiveCfg = Debug|Any CPU
		{3BD77833-6175-4440-903D-88F9B07C6FE6}.Debug|Any CPU.Build.0 = Debug|Any CPU
		{3BD77833-6175-4440-903D-88F9B07C6FE6}.Debug|x64.ActiveCfg = Debug|Any CPU
		{3BD77833-6175-4440-903D-88F9B07C6FE6}.Debug|x64.Build.0 = Debug|Any CPU
		{3BD77833-6175-4440-903D-88F9B07C6FE6}.Debug|x86.ActiveCfg = Debug|Any CPU
		{3BD77833-6175-4440-903D-88F9B07C6FE6}.Debug|x86.Build.0 = Debug|Any CPU
		{3BD77833-6175-4440-903D-88F9B07C6FE6}.Release|Any CPU.ActiveCfg = Release|Any CPU
		{3BD77833-6175-4440-903D-88F9B07C6FE6}.Release|Any CPU.Build.0 = Release|Any CPU
		{3BD77833-6175-4440-903D-88F9B07C6FE6}.Release|x64.ActiveCfg = Release|Any CPU
		{3BD77833-6175-4440-903D-88F9B07C6FE6}.Release|x64.Build.0 = Release|Any CPU
		{3BD77833-6175-4440-903D-88F9B07C6FE6}.Release|x86.ActiveCfg = Release|Any CPU
		{3BD77833-6175-4440-903D-88F9B07C6FE6}.Release|x86.Build.0 = Release|Any CPU
		{B5A6597C-4BCF-4680-B2EB-23AB7182F64E}.Debug|Any CPU.ActiveCfg = Debug|Any CPU
		{B5A6597C-4BCF-4680-B2EB-23AB7182F64E}.Debug|Any CPU.Build.0 = Debug|Any CPU
		{B5A6597C-4BCF-4680-B2EB-23AB7182F64E}.Debug|x64.ActiveCfg = Debug|Any CPU
		{B5A6597C-4BCF-4680-B2EB-23AB7182F64E}.Debug|x64.Build.0 = Debug|Any CPU
		{B5A6597C-4BCF-4680-B2EB-23AB7182F64E}.Debug|x86.ActiveCfg = Debug|Any CPU
		{B5A6597C-4BCF-4680-B2EB-23AB7182F64E}.Debug|x86.Build.0 = Debug|Any CPU
		{B5A6597C-4BCF-4680-B2EB-23AB7182F64E}.Release|Any CPU.ActiveCfg = Release|Any CPU
		{B5A6597C-4BCF-4680-B2EB-23AB7182F64E}.Release|Any CPU.Build.0 = Release|Any CPU
		{B5A6597C-4BCF-4680-B2EB-23AB7182F64E}.Release|x64.ActiveCfg = Release|Any CPU
		{B5A6597C-4BCF-4680-B2EB-23AB7182F64E}.Release|x64.Build.0 = Release|Any CPU
		{B5A6597C-4BCF-4680-B2EB-23AB7182F64E}.Release|x86.ActiveCfg = Release|Any CPU
		{B5A6597C-4BCF-4680-B2EB-23AB7182F64E}.Release|x86.Build.0 = Release|Any CPU
		{EC780706-D1C5-46DA-A9EA-1691E3C5052A}.Debug|Any CPU.ActiveCfg = Debug|Any CPU
		{EC780706-D1C5-46DA-A9EA-1691E3C5052A}.Debug|Any CPU.Build.0 = Debug|Any CPU
		{EC780706-D1C5-46DA-A9EA-1691E3C5052A}.Debug|x64.ActiveCfg = Debug|Any CPU
		{EC780706-D1C5-46DA-A9EA-1691E3C5052A}.Debug|x64.Build.0 = Debug|Any CPU
		{EC780706-D1C5-46DA-A9EA-1691E3C5052A}.Debug|x86.ActiveCfg = Debug|Any CPU
		{EC780706-D1C5-46DA-A9EA-1691E3C5052A}.Debug|x86.Build.0 = Debug|Any CPU
		{EC780706-D1C5-46DA-A9EA-1691E3C5052A}.Release|Any CPU.ActiveCfg = Release|Any CPU
		{EC780706-D1C5-46DA-A9EA-1691E3C5052A}.Release|Any CPU.Build.0 = Release|Any CPU
		{EC780706-D1C5-46DA-A9EA-1691E3C5052A}.Release|x64.ActiveCfg = Release|Any CPU
		{EC780706-D1C5-46DA-A9EA-1691E3C5052A}.Release|x64.Build.0 = Release|Any CPU
		{EC780706-D1C5-46DA-A9EA-1691E3C5052A}.Release|x86.ActiveCfg = Release|Any CPU
		{EC780706-D1C5-46DA-A9EA-1691E3C5052A}.Release|x86.Build.0 = Release|Any CPU
		{DAF6443B-10E9-4847-9E1F-DBE275E8C750}.Debug|Any CPU.ActiveCfg = Debug|Any CPU
		{DAF6443B-10E9-4847-9E1F-DBE275E8C750}.Debug|Any CPU.Build.0 = Debug|Any CPU
		{DAF6443B-10E9-4847-9E1F-DBE275E8C750}.Debug|x64.ActiveCfg = Debug|Any CPU
		{DAF6443B-10E9-4847-9E1F-DBE275E8C750}.Debug|x64.Build.0 = Debug|Any CPU
		{DAF6443B-10E9-4847-9E1F-DBE275E8C750}.Debug|x86.ActiveCfg = Debug|Any CPU
		{DAF6443B-10E9-4847-9E1F-DBE275E8C750}.Debug|x86.Build.0 = Debug|Any CPU
		{DAF6443B-10E9-4847-9E1F-DBE275E8C750}.Release|Any CPU.ActiveCfg = Release|Any CPU
		{DAF6443B-10E9-4847-9E1F-DBE275E8C750}.Release|Any CPU.Build.0 = Release|Any CPU
		{DAF6443B-10E9-4847-9E1F-DBE275E8C750}.Release|x64.ActiveCfg = Release|Any CPU
		{DAF6443B-10E9-4847-9E1F-DBE275E8C750}.Release|x64.Build.0 = Release|Any CPU
		{DAF6443B-10E9-4847-9E1F-DBE275E8C750}.Release|x86.ActiveCfg = Release|Any CPU
		{DAF6443B-10E9-4847-9E1F-DBE275E8C750}.Release|x86.Build.0 = Release|Any CPU
		{08A33B13-190D-4A7A-B5D3-684D2DAD8A3E}.Debug|Any CPU.ActiveCfg = Debug|Any CPU
		{08A33B13-190D-4A7A-B5D3-684D2DAD8A3E}.Debug|Any CPU.Build.0 = Debug|Any CPU
		{08A33B13-190D-4A7A-B5D3-684D2DAD8A3E}.Debug|x64.ActiveCfg = Debug|Any CPU
		{08A33B13-190D-4A7A-B5D3-684D2DAD8A3E}.Debug|x64.Build.0 = Debug|Any CPU
		{08A33B13-190D-4A7A-B5D3-684D2DAD8A3E}.Debug|x86.ActiveCfg = Debug|Any CPU
		{08A33B13-190D-4A7A-B5D3-684D2DAD8A3E}.Debug|x86.Build.0 = Debug|Any CPU
		{08A33B13-190D-4A7A-B5D3-684D2DAD8A3E}.Release|Any CPU.ActiveCfg = Release|Any CPU
		{08A33B13-190D-4A7A-B5D3-684D2DAD8A3E}.Release|Any CPU.Build.0 = Release|Any CPU
		{08A33B13-190D-4A7A-B5D3-684D2DAD8A3E}.Release|x64.ActiveCfg = Release|Any CPU
		{08A33B13-190D-4A7A-B5D3-684D2DAD8A3E}.Release|x64.Build.0 = Release|Any CPU
		{08A33B13-190D-4A7A-B5D3-684D2DAD8A3E}.Release|x86.ActiveCfg = Release|Any CPU
		{08A33B13-190D-4A7A-B5D3-684D2DAD8A3E}.Release|x86.Build.0 = Release|Any CPU
		{C25E2A86-E408-42C0-BAB8-560B19067014}.Debug|Any CPU.ActiveCfg = Debug|Any CPU
		{C25E2A86-E408-42C0-BAB8-560B19067014}.Debug|Any CPU.Build.0 = Debug|Any CPU
		{C25E2A86-E408-42C0-BAB8-560B19067014}.Debug|x64.ActiveCfg = Debug|Any CPU
		{C25E2A86-E408-42C0-BAB8-560B19067014}.Debug|x64.Build.0 = Debug|Any CPU
		{C25E2A86-E408-42C0-BAB8-560B19067014}.Debug|x86.ActiveCfg = Debug|Any CPU
		{C25E2A86-E408-42C0-BAB8-560B19067014}.Debug|x86.Build.0 = Debug|Any CPU
		{C25E2A86-E408-42C0-BAB8-560B19067014}.Release|Any CPU.ActiveCfg = Release|Any CPU
		{C25E2A86-E408-42C0-BAB8-560B19067014}.Release|Any CPU.Build.0 = Release|Any CPU
		{C25E2A86-E408-42C0-BAB8-560B19067014}.Release|x64.ActiveCfg = Release|Any CPU
		{C25E2A86-E408-42C0-BAB8-560B19067014}.Release|x64.Build.0 = Release|Any CPU
		{C25E2A86-E408-42C0-BAB8-560B19067014}.Release|x86.ActiveCfg = Release|Any CPU
		{C25E2A86-E408-42C0-BAB8-560B19067014}.Release|x86.Build.0 = Release|Any CPU
		{3393EDF4-1C36-4683-A2C7-EA1129EB3C7D}.Debug|Any CPU.ActiveCfg = Debug|Any CPU
		{3393EDF4-1C36-4683-A2C7-EA1129EB3C7D}.Debug|Any CPU.Build.0 = Debug|Any CPU
		{3393EDF4-1C36-4683-A2C7-EA1129EB3C7D}.Debug|x64.ActiveCfg = Debug|Any CPU
		{3393EDF4-1C36-4683-A2C7-EA1129EB3C7D}.Debug|x64.Build.0 = Debug|Any CPU
		{3393EDF4-1C36-4683-A2C7-EA1129EB3C7D}.Debug|x86.ActiveCfg = Debug|Any CPU
		{3393EDF4-1C36-4683-A2C7-EA1129EB3C7D}.Debug|x86.Build.0 = Debug|Any CPU
		{3393EDF4-1C36-4683-A2C7-EA1129EB3C7D}.Release|Any CPU.ActiveCfg = Release|Any CPU
		{3393EDF4-1C36-4683-A2C7-EA1129EB3C7D}.Release|Any CPU.Build.0 = Release|Any CPU
		{3393EDF4-1C36-4683-A2C7-EA1129EB3C7D}.Release|x64.ActiveCfg = Release|Any CPU
		{3393EDF4-1C36-4683-A2C7-EA1129EB3C7D}.Release|x64.Build.0 = Release|Any CPU
		{3393EDF4-1C36-4683-A2C7-EA1129EB3C7D}.Release|x86.ActiveCfg = Release|Any CPU
		{3393EDF4-1C36-4683-A2C7-EA1129EB3C7D}.Release|x86.Build.0 = Release|Any CPU
		{4CE5590C-5B04-4A95-9B2C-B7AD1619D2C5}.Debug|Any CPU.ActiveCfg = Debug|Any CPU
		{4CE5590C-5B04-4A95-9B2C-B7AD1619D2C5}.Debug|Any CPU.Build.0 = Debug|Any CPU
		{4CE5590C-5B04-4A95-9B2C-B7AD1619D2C5}.Debug|x64.ActiveCfg = Debug|Any CPU
		{4CE5590C-5B04-4A95-9B2C-B7AD1619D2C5}.Debug|x64.Build.0 = Debug|Any CPU
		{4CE5590C-5B04-4A95-9B2C-B7AD1619D2C5}.Debug|x86.ActiveCfg = Debug|Any CPU
		{4CE5590C-5B04-4A95-9B2C-B7AD1619D2C5}.Debug|x86.Build.0 = Debug|Any CPU
		{4CE5590C-5B04-4A95-9B2C-B7AD1619D2C5}.Release|Any CPU.ActiveCfg = Release|Any CPU
		{4CE5590C-5B04-4A95-9B2C-B7AD1619D2C5}.Release|Any CPU.Build.0 = Release|Any CPU
		{4CE5590C-5B04-4A95-9B2C-B7AD1619D2C5}.Release|x64.ActiveCfg = Release|Any CPU
		{4CE5590C-5B04-4A95-9B2C-B7AD1619D2C5}.Release|x64.Build.0 = Release|Any CPU
		{4CE5590C-5B04-4A95-9B2C-B7AD1619D2C5}.Release|x86.ActiveCfg = Release|Any CPU
		{4CE5590C-5B04-4A95-9B2C-B7AD1619D2C5}.Release|x86.Build.0 = Release|Any CPU
		{EC67CD82-32AE-4D2D-B861-C0C70AAB9C5F}.Debug|Any CPU.ActiveCfg = Debug|Any CPU
		{EC67CD82-32AE-4D2D-B861-C0C70AAB9C5F}.Debug|Any CPU.Build.0 = Debug|Any CPU
		{EC67CD82-32AE-4D2D-B861-C0C70AAB9C5F}.Debug|x64.ActiveCfg = Debug|Any CPU
		{EC67CD82-32AE-4D2D-B861-C0C70AAB9C5F}.Debug|x64.Build.0 = Debug|Any CPU
		{EC67CD82-32AE-4D2D-B861-C0C70AAB9C5F}.Debug|x86.ActiveCfg = Debug|Any CPU
		{EC67CD82-32AE-4D2D-B861-C0C70AAB9C5F}.Debug|x86.Build.0 = Debug|Any CPU
		{EC67CD82-32AE-4D2D-B861-C0C70AAB9C5F}.Release|Any CPU.ActiveCfg = Release|Any CPU
		{EC67CD82-32AE-4D2D-B861-C0C70AAB9C5F}.Release|Any CPU.Build.0 = Release|Any CPU
		{EC67CD82-32AE-4D2D-B861-C0C70AAB9C5F}.Release|x64.ActiveCfg = Release|Any CPU
		{EC67CD82-32AE-4D2D-B861-C0C70AAB9C5F}.Release|x64.Build.0 = Release|Any CPU
		{EC67CD82-32AE-4D2D-B861-C0C70AAB9C5F}.Release|x86.ActiveCfg = Release|Any CPU
		{EC67CD82-32AE-4D2D-B861-C0C70AAB9C5F}.Release|x86.Build.0 = Release|Any CPU
		{BF7CCE7D-0CDD-430F-BC99-0DCC04E477D1}.Debug|Any CPU.ActiveCfg = Debug|Any CPU
		{BF7CCE7D-0CDD-430F-BC99-0DCC04E477D1}.Debug|Any CPU.Build.0 = Debug|Any CPU
		{BF7CCE7D-0CDD-430F-BC99-0DCC04E477D1}.Debug|x64.ActiveCfg = Debug|Any CPU
		{BF7CCE7D-0CDD-430F-BC99-0DCC04E477D1}.Debug|x64.Build.0 = Debug|Any CPU
		{BF7CCE7D-0CDD-430F-BC99-0DCC04E477D1}.Debug|x86.ActiveCfg = Debug|Any CPU
		{BF7CCE7D-0CDD-430F-BC99-0DCC04E477D1}.Debug|x86.Build.0 = Debug|Any CPU
		{BF7CCE7D-0CDD-430F-BC99-0DCC04E477D1}.Release|Any CPU.ActiveCfg = Release|Any CPU
		{BF7CCE7D-0CDD-430F-BC99-0DCC04E477D1}.Release|Any CPU.Build.0 = Release|Any CPU
		{BF7CCE7D-0CDD-430F-BC99-0DCC04E477D1}.Release|x64.ActiveCfg = Release|Any CPU
		{BF7CCE7D-0CDD-430F-BC99-0DCC04E477D1}.Release|x64.Build.0 = Release|Any CPU
		{BF7CCE7D-0CDD-430F-BC99-0DCC04E477D1}.Release|x86.ActiveCfg = Release|Any CPU
		{BF7CCE7D-0CDD-430F-BC99-0DCC04E477D1}.Release|x86.Build.0 = Release|Any CPU
		{FBB7C774-77D0-46E8-A9BF-E6F03F4806D7}.Debug|Any CPU.ActiveCfg = Debug|Any CPU
		{FBB7C774-77D0-46E8-A9BF-E6F03F4806D7}.Debug|Any CPU.Build.0 = Debug|Any CPU
		{FBB7C774-77D0-46E8-A9BF-E6F03F4806D7}.Debug|x64.ActiveCfg = Debug|Any CPU
		{FBB7C774-77D0-46E8-A9BF-E6F03F4806D7}.Debug|x64.Build.0 = Debug|Any CPU
		{FBB7C774-77D0-46E8-A9BF-E6F03F4806D7}.Debug|x86.ActiveCfg = Debug|Any CPU
		{FBB7C774-77D0-46E8-A9BF-E6F03F4806D7}.Debug|x86.Build.0 = Debug|Any CPU
		{FBB7C774-77D0-46E8-A9BF-E6F03F4806D7}.Release|Any CPU.ActiveCfg = Release|Any CPU
		{FBB7C774-77D0-46E8-A9BF-E6F03F4806D7}.Release|Any CPU.Build.0 = Release|Any CPU
		{FBB7C774-77D0-46E8-A9BF-E6F03F4806D7}.Release|x64.ActiveCfg = Release|Any CPU
		{FBB7C774-77D0-46E8-A9BF-E6F03F4806D7}.Release|x64.Build.0 = Release|Any CPU
		{FBB7C774-77D0-46E8-A9BF-E6F03F4806D7}.Release|x86.ActiveCfg = Release|Any CPU
		{FBB7C774-77D0-46E8-A9BF-E6F03F4806D7}.Release|x86.Build.0 = Release|Any CPU
		{D6A46295-24F1-4B78-81B6-57DFE04EE1D3}.Debug|Any CPU.ActiveCfg = Debug|Any CPU
		{D6A46295-24F1-4B78-81B6-57DFE04EE1D3}.Debug|Any CPU.Build.0 = Debug|Any CPU
		{D6A46295-24F1-4B78-81B6-57DFE04EE1D3}.Debug|x64.ActiveCfg = Debug|Any CPU
		{D6A46295-24F1-4B78-81B6-57DFE04EE1D3}.Debug|x64.Build.0 = Debug|Any CPU
		{D6A46295-24F1-4B78-81B6-57DFE04EE1D3}.Debug|x86.ActiveCfg = Debug|Any CPU
		{D6A46295-24F1-4B78-81B6-57DFE04EE1D3}.Debug|x86.Build.0 = Debug|Any CPU
		{D6A46295-24F1-4B78-81B6-57DFE04EE1D3}.Release|Any CPU.ActiveCfg = Release|Any CPU
		{D6A46295-24F1-4B78-81B6-57DFE04EE1D3}.Release|Any CPU.Build.0 = Release|Any CPU
		{D6A46295-24F1-4B78-81B6-57DFE04EE1D3}.Release|x64.ActiveCfg = Release|Any CPU
		{D6A46295-24F1-4B78-81B6-57DFE04EE1D3}.Release|x64.Build.0 = Release|Any CPU
		{D6A46295-24F1-4B78-81B6-57DFE04EE1D3}.Release|x86.ActiveCfg = Release|Any CPU
		{D6A46295-24F1-4B78-81B6-57DFE04EE1D3}.Release|x86.Build.0 = Release|Any CPU
		{586CF77B-1480-4CC4-9B46-708715D156F2}.Debug|Any CPU.ActiveCfg = Debug|Any CPU
		{586CF77B-1480-4CC4-9B46-708715D156F2}.Debug|Any CPU.Build.0 = Debug|Any CPU
		{586CF77B-1480-4CC4-9B46-708715D156F2}.Debug|x64.ActiveCfg = Debug|Any CPU
		{586CF77B-1480-4CC4-9B46-708715D156F2}.Debug|x64.Build.0 = Debug|Any CPU
		{586CF77B-1480-4CC4-9B46-708715D156F2}.Debug|x86.ActiveCfg = Debug|Any CPU
		{586CF77B-1480-4CC4-9B46-708715D156F2}.Debug|x86.Build.0 = Debug|Any CPU
		{586CF77B-1480-4CC4-9B46-708715D156F2}.Release|Any CPU.ActiveCfg = Release|Any CPU
		{586CF77B-1480-4CC4-9B46-708715D156F2}.Release|Any CPU.Build.0 = Release|Any CPU
		{586CF77B-1480-4CC4-9B46-708715D156F2}.Release|x64.ActiveCfg = Release|Any CPU
		{586CF77B-1480-4CC4-9B46-708715D156F2}.Release|x64.Build.0 = Release|Any CPU
		{586CF77B-1480-4CC4-9B46-708715D156F2}.Release|x86.ActiveCfg = Release|Any CPU
		{586CF77B-1480-4CC4-9B46-708715D156F2}.Release|x86.Build.0 = Release|Any CPU
		{C965617C-0230-4167-98E5-508436A09F93}.Debug|Any CPU.ActiveCfg = Debug|Any CPU
		{C965617C-0230-4167-98E5-508436A09F93}.Debug|Any CPU.Build.0 = Debug|Any CPU
		{C965617C-0230-4167-98E5-508436A09F93}.Debug|x64.ActiveCfg = Debug|Any CPU
		{C965617C-0230-4167-98E5-508436A09F93}.Debug|x64.Build.0 = Debug|Any CPU
		{C965617C-0230-4167-98E5-508436A09F93}.Debug|x86.ActiveCfg = Debug|Any CPU
		{C965617C-0230-4167-98E5-508436A09F93}.Debug|x86.Build.0 = Debug|Any CPU
		{C965617C-0230-4167-98E5-508436A09F93}.Release|Any CPU.ActiveCfg = Release|Any CPU
		{C965617C-0230-4167-98E5-508436A09F93}.Release|Any CPU.Build.0 = Release|Any CPU
		{C965617C-0230-4167-98E5-508436A09F93}.Release|x64.ActiveCfg = Release|Any CPU
		{C965617C-0230-4167-98E5-508436A09F93}.Release|x64.Build.0 = Release|Any CPU
		{C965617C-0230-4167-98E5-508436A09F93}.Release|x86.ActiveCfg = Release|Any CPU
		{C965617C-0230-4167-98E5-508436A09F93}.Release|x86.Build.0 = Release|Any CPU
		{85139412-485D-4B23-8423-A0C2021B60DE}.Debug|Any CPU.ActiveCfg = Debug|Any CPU
		{85139412-485D-4B23-8423-A0C2021B60DE}.Debug|Any CPU.Build.0 = Debug|Any CPU
		{85139412-485D-4B23-8423-A0C2021B60DE}.Debug|x64.ActiveCfg = Debug|Any CPU
		{85139412-485D-4B23-8423-A0C2021B60DE}.Debug|x64.Build.0 = Debug|Any CPU
		{85139412-485D-4B23-8423-A0C2021B60DE}.Debug|x86.ActiveCfg = Debug|Any CPU
		{85139412-485D-4B23-8423-A0C2021B60DE}.Debug|x86.Build.0 = Debug|Any CPU
		{85139412-485D-4B23-8423-A0C2021B60DE}.Release|Any CPU.ActiveCfg = Release|Any CPU
		{85139412-485D-4B23-8423-A0C2021B60DE}.Release|Any CPU.Build.0 = Release|Any CPU
		{85139412-485D-4B23-8423-A0C2021B60DE}.Release|x64.ActiveCfg = Release|Any CPU
		{85139412-485D-4B23-8423-A0C2021B60DE}.Release|x64.Build.0 = Release|Any CPU
		{85139412-485D-4B23-8423-A0C2021B60DE}.Release|x86.ActiveCfg = Release|Any CPU
		{85139412-485D-4B23-8423-A0C2021B60DE}.Release|x86.Build.0 = Release|Any CPU
		{F0853B2C-FEAB-4ACF-92D5-D9FBC3DA1427}.Debug|Any CPU.ActiveCfg = Debug|Any CPU
		{F0853B2C-FEAB-4ACF-92D5-D9FBC3DA1427}.Debug|Any CPU.Build.0 = Debug|Any CPU
		{F0853B2C-FEAB-4ACF-92D5-D9FBC3DA1427}.Debug|x64.ActiveCfg = Debug|Any CPU
		{F0853B2C-FEAB-4ACF-92D5-D9FBC3DA1427}.Debug|x64.Build.0 = Debug|Any CPU
		{F0853B2C-FEAB-4ACF-92D5-D9FBC3DA1427}.Debug|x86.ActiveCfg = Debug|Any CPU
		{F0853B2C-FEAB-4ACF-92D5-D9FBC3DA1427}.Debug|x86.Build.0 = Debug|Any CPU
		{F0853B2C-FEAB-4ACF-92D5-D9FBC3DA1427}.Release|Any CPU.ActiveCfg = Release|Any CPU
		{F0853B2C-FEAB-4ACF-92D5-D9FBC3DA1427}.Release|Any CPU.Build.0 = Release|Any CPU
		{F0853B2C-FEAB-4ACF-92D5-D9FBC3DA1427}.Release|x64.ActiveCfg = Release|Any CPU
		{F0853B2C-FEAB-4ACF-92D5-D9FBC3DA1427}.Release|x64.Build.0 = Release|Any CPU
		{F0853B2C-FEAB-4ACF-92D5-D9FBC3DA1427}.Release|x86.ActiveCfg = Release|Any CPU
		{F0853B2C-FEAB-4ACF-92D5-D9FBC3DA1427}.Release|x86.Build.0 = Release|Any CPU
		{88BE47C2-15FB-4EB2-A67C-914F8249BD46}.Debug|Any CPU.ActiveCfg = Debug|Any CPU
		{88BE47C2-15FB-4EB2-A67C-914F8249BD46}.Debug|Any CPU.Build.0 = Debug|Any CPU
		{88BE47C2-15FB-4EB2-A67C-914F8249BD46}.Debug|x64.ActiveCfg = Debug|Any CPU
		{88BE47C2-15FB-4EB2-A67C-914F8249BD46}.Debug|x64.Build.0 = Debug|Any CPU
		{88BE47C2-15FB-4EB2-A67C-914F8249BD46}.Debug|x86.ActiveCfg = Debug|Any CPU
		{88BE47C2-15FB-4EB2-A67C-914F8249BD46}.Debug|x86.Build.0 = Debug|Any CPU
		{88BE47C2-15FB-4EB2-A67C-914F8249BD46}.Release|Any CPU.ActiveCfg = Release|Any CPU
		{88BE47C2-15FB-4EB2-A67C-914F8249BD46}.Release|Any CPU.Build.0 = Release|Any CPU
		{88BE47C2-15FB-4EB2-A67C-914F8249BD46}.Release|x64.ActiveCfg = Release|Any CPU
		{88BE47C2-15FB-4EB2-A67C-914F8249BD46}.Release|x64.Build.0 = Release|Any CPU
		{88BE47C2-15FB-4EB2-A67C-914F8249BD46}.Release|x86.ActiveCfg = Release|Any CPU
		{88BE47C2-15FB-4EB2-A67C-914F8249BD46}.Release|x86.Build.0 = Release|Any CPU
		{C13C7A60-30CF-406F-A155-29499789A8B4}.Debug|Any CPU.ActiveCfg = Debug|Any CPU
		{C13C7A60-30CF-406F-A155-29499789A8B4}.Debug|Any CPU.Build.0 = Debug|Any CPU
		{C13C7A60-30CF-406F-A155-29499789A8B4}.Debug|x64.ActiveCfg = Debug|Any CPU
		{C13C7A60-30CF-406F-A155-29499789A8B4}.Debug|x64.Build.0 = Debug|Any CPU
		{C13C7A60-30CF-406F-A155-29499789A8B4}.Debug|x86.ActiveCfg = Debug|Any CPU
		{C13C7A60-30CF-406F-A155-29499789A8B4}.Debug|x86.Build.0 = Debug|Any CPU
		{C13C7A60-30CF-406F-A155-29499789A8B4}.Release|Any CPU.ActiveCfg = Release|Any CPU
		{C13C7A60-30CF-406F-A155-29499789A8B4}.Release|Any CPU.Build.0 = Release|Any CPU
		{C13C7A60-30CF-406F-A155-29499789A8B4}.Release|x64.ActiveCfg = Release|Any CPU
		{C13C7A60-30CF-406F-A155-29499789A8B4}.Release|x64.Build.0 = Release|Any CPU
		{C13C7A60-30CF-406F-A155-29499789A8B4}.Release|x86.ActiveCfg = Release|Any CPU
		{C13C7A60-30CF-406F-A155-29499789A8B4}.Release|x86.Build.0 = Release|Any CPU
		{35329610-DF1E-4324-9B0D-0823741FBC53}.Debug|Any CPU.ActiveCfg = Debug|Any CPU
		{35329610-DF1E-4324-9B0D-0823741FBC53}.Debug|Any CPU.Build.0 = Debug|Any CPU
		{35329610-DF1E-4324-9B0D-0823741FBC53}.Debug|x64.ActiveCfg = Debug|Any CPU
		{35329610-DF1E-4324-9B0D-0823741FBC53}.Debug|x64.Build.0 = Debug|Any CPU
		{35329610-DF1E-4324-9B0D-0823741FBC53}.Debug|x86.ActiveCfg = Debug|Any CPU
		{35329610-DF1E-4324-9B0D-0823741FBC53}.Debug|x86.Build.0 = Debug|Any CPU
		{35329610-DF1E-4324-9B0D-0823741FBC53}.Release|Any CPU.ActiveCfg = Release|Any CPU
		{35329610-DF1E-4324-9B0D-0823741FBC53}.Release|Any CPU.Build.0 = Release|Any CPU
		{35329610-DF1E-4324-9B0D-0823741FBC53}.Release|x64.ActiveCfg = Release|Any CPU
		{35329610-DF1E-4324-9B0D-0823741FBC53}.Release|x64.Build.0 = Release|Any CPU
		{35329610-DF1E-4324-9B0D-0823741FBC53}.Release|x86.ActiveCfg = Release|Any CPU
		{35329610-DF1E-4324-9B0D-0823741FBC53}.Release|x86.Build.0 = Release|Any CPU
		{3949D87F-4DE3-44CC-96AA-CF93BE770DAE}.Debug|Any CPU.ActiveCfg = Debug|Any CPU
		{3949D87F-4DE3-44CC-96AA-CF93BE770DAE}.Debug|Any CPU.Build.0 = Debug|Any CPU
		{3949D87F-4DE3-44CC-96AA-CF93BE770DAE}.Debug|x64.ActiveCfg = Debug|Any CPU
		{3949D87F-4DE3-44CC-96AA-CF93BE770DAE}.Debug|x64.Build.0 = Debug|Any CPU
		{3949D87F-4DE3-44CC-96AA-CF93BE770DAE}.Debug|x86.ActiveCfg = Debug|Any CPU
		{3949D87F-4DE3-44CC-96AA-CF93BE770DAE}.Debug|x86.Build.0 = Debug|Any CPU
		{3949D87F-4DE3-44CC-96AA-CF93BE770DAE}.Release|Any CPU.ActiveCfg = Release|Any CPU
		{3949D87F-4DE3-44CC-96AA-CF93BE770DAE}.Release|Any CPU.Build.0 = Release|Any CPU
		{3949D87F-4DE3-44CC-96AA-CF93BE770DAE}.Release|x64.ActiveCfg = Release|Any CPU
		{3949D87F-4DE3-44CC-96AA-CF93BE770DAE}.Release|x64.Build.0 = Release|Any CPU
		{3949D87F-4DE3-44CC-96AA-CF93BE770DAE}.Release|x86.ActiveCfg = Release|Any CPU
		{3949D87F-4DE3-44CC-96AA-CF93BE770DAE}.Release|x86.Build.0 = Release|Any CPU
		{AC334242-4A17-4E1B-883F-9B0E85B47163}.Debug|Any CPU.ActiveCfg = Debug|Any CPU
		{AC334242-4A17-4E1B-883F-9B0E85B47163}.Debug|Any CPU.Build.0 = Debug|Any CPU
		{AC334242-4A17-4E1B-883F-9B0E85B47163}.Debug|x64.ActiveCfg = Debug|Any CPU
		{AC334242-4A17-4E1B-883F-9B0E85B47163}.Debug|x64.Build.0 = Debug|Any CPU
		{AC334242-4A17-4E1B-883F-9B0E85B47163}.Debug|x86.ActiveCfg = Debug|Any CPU
		{AC334242-4A17-4E1B-883F-9B0E85B47163}.Debug|x86.Build.0 = Debug|Any CPU
		{AC334242-4A17-4E1B-883F-9B0E85B47163}.Release|Any CPU.ActiveCfg = Release|Any CPU
		{AC334242-4A17-4E1B-883F-9B0E85B47163}.Release|Any CPU.Build.0 = Release|Any CPU
		{AC334242-4A17-4E1B-883F-9B0E85B47163}.Release|x64.ActiveCfg = Release|Any CPU
		{AC334242-4A17-4E1B-883F-9B0E85B47163}.Release|x64.Build.0 = Release|Any CPU
		{AC334242-4A17-4E1B-883F-9B0E85B47163}.Release|x86.ActiveCfg = Release|Any CPU
		{AC334242-4A17-4E1B-883F-9B0E85B47163}.Release|x86.Build.0 = Release|Any CPU
		{14C4D10A-7BE1-4C89-833C-2699605319A9}.Debug|Any CPU.ActiveCfg = Debug|Any CPU
		{14C4D10A-7BE1-4C89-833C-2699605319A9}.Debug|Any CPU.Build.0 = Debug|Any CPU
		{14C4D10A-7BE1-4C89-833C-2699605319A9}.Debug|x64.ActiveCfg = Debug|Any CPU
		{14C4D10A-7BE1-4C89-833C-2699605319A9}.Debug|x64.Build.0 = Debug|Any CPU
		{14C4D10A-7BE1-4C89-833C-2699605319A9}.Debug|x86.ActiveCfg = Debug|Any CPU
		{14C4D10A-7BE1-4C89-833C-2699605319A9}.Debug|x86.Build.0 = Debug|Any CPU
		{14C4D10A-7BE1-4C89-833C-2699605319A9}.Release|Any CPU.ActiveCfg = Release|Any CPU
		{14C4D10A-7BE1-4C89-833C-2699605319A9}.Release|Any CPU.Build.0 = Release|Any CPU
		{14C4D10A-7BE1-4C89-833C-2699605319A9}.Release|x64.ActiveCfg = Release|Any CPU
		{14C4D10A-7BE1-4C89-833C-2699605319A9}.Release|x64.Build.0 = Release|Any CPU
		{14C4D10A-7BE1-4C89-833C-2699605319A9}.Release|x86.ActiveCfg = Release|Any CPU
		{14C4D10A-7BE1-4C89-833C-2699605319A9}.Release|x86.Build.0 = Release|Any CPU
		{F133FB97-C071-4CB8-91C4-F938497DB3A3}.Debug|Any CPU.ActiveCfg = Debug|Any CPU
		{F133FB97-C071-4CB8-91C4-F938497DB3A3}.Debug|Any CPU.Build.0 = Debug|Any CPU
		{F133FB97-C071-4CB8-91C4-F938497DB3A3}.Debug|x64.ActiveCfg = Debug|Any CPU
		{F133FB97-C071-4CB8-91C4-F938497DB3A3}.Debug|x64.Build.0 = Debug|Any CPU
		{F133FB97-C071-4CB8-91C4-F938497DB3A3}.Debug|x86.ActiveCfg = Debug|Any CPU
		{F133FB97-C071-4CB8-91C4-F938497DB3A3}.Debug|x86.Build.0 = Debug|Any CPU
		{F133FB97-C071-4CB8-91C4-F938497DB3A3}.Release|Any CPU.ActiveCfg = Release|Any CPU
		{F133FB97-C071-4CB8-91C4-F938497DB3A3}.Release|Any CPU.Build.0 = Release|Any CPU
		{F133FB97-C071-4CB8-91C4-F938497DB3A3}.Release|x64.ActiveCfg = Release|Any CPU
		{F133FB97-C071-4CB8-91C4-F938497DB3A3}.Release|x64.Build.0 = Release|Any CPU
		{F133FB97-C071-4CB8-91C4-F938497DB3A3}.Release|x86.ActiveCfg = Release|Any CPU
		{F133FB97-C071-4CB8-91C4-F938497DB3A3}.Release|x86.Build.0 = Release|Any CPU
		{2308A676-88B6-4943-877B-DE5E4BB19CAD}.Debug|Any CPU.ActiveCfg = Debug|Any CPU
		{2308A676-88B6-4943-877B-DE5E4BB19CAD}.Debug|Any CPU.Build.0 = Debug|Any CPU
		{2308A676-88B6-4943-877B-DE5E4BB19CAD}.Debug|x64.ActiveCfg = Debug|Any CPU
		{2308A676-88B6-4943-877B-DE5E4BB19CAD}.Debug|x64.Build.0 = Debug|Any CPU
		{2308A676-88B6-4943-877B-DE5E4BB19CAD}.Debug|x86.ActiveCfg = Debug|Any CPU
		{2308A676-88B6-4943-877B-DE5E4BB19CAD}.Debug|x86.Build.0 = Debug|Any CPU
		{2308A676-88B6-4943-877B-DE5E4BB19CAD}.Release|Any CPU.ActiveCfg = Release|Any CPU
		{2308A676-88B6-4943-877B-DE5E4BB19CAD}.Release|Any CPU.Build.0 = Release|Any CPU
		{2308A676-88B6-4943-877B-DE5E4BB19CAD}.Release|x64.ActiveCfg = Release|Any CPU
		{2308A676-88B6-4943-877B-DE5E4BB19CAD}.Release|x64.Build.0 = Release|Any CPU
		{2308A676-88B6-4943-877B-DE5E4BB19CAD}.Release|x86.ActiveCfg = Release|Any CPU
		{2308A676-88B6-4943-877B-DE5E4BB19CAD}.Release|x86.Build.0 = Release|Any CPU
		{AF502331-FD6D-4D2D-A1B0-ECBAA92D090D}.Debug|Any CPU.ActiveCfg = Debug|Any CPU
		{AF502331-FD6D-4D2D-A1B0-ECBAA92D090D}.Debug|Any CPU.Build.0 = Debug|Any CPU
		{AF502331-FD6D-4D2D-A1B0-ECBAA92D090D}.Debug|x64.ActiveCfg = Debug|Any CPU
		{AF502331-FD6D-4D2D-A1B0-ECBAA92D090D}.Debug|x64.Build.0 = Debug|Any CPU
		{AF502331-FD6D-4D2D-A1B0-ECBAA92D090D}.Debug|x86.ActiveCfg = Debug|Any CPU
		{AF502331-FD6D-4D2D-A1B0-ECBAA92D090D}.Debug|x86.Build.0 = Debug|Any CPU
		{AF502331-FD6D-4D2D-A1B0-ECBAA92D090D}.Release|Any CPU.ActiveCfg = Release|Any CPU
		{AF502331-FD6D-4D2D-A1B0-ECBAA92D090D}.Release|Any CPU.Build.0 = Release|Any CPU
		{AF502331-FD6D-4D2D-A1B0-ECBAA92D090D}.Release|x64.ActiveCfg = Release|Any CPU
		{AF502331-FD6D-4D2D-A1B0-ECBAA92D090D}.Release|x64.Build.0 = Release|Any CPU
		{AF502331-FD6D-4D2D-A1B0-ECBAA92D090D}.Release|x86.ActiveCfg = Release|Any CPU
		{AF502331-FD6D-4D2D-A1B0-ECBAA92D090D}.Release|x86.Build.0 = Release|Any CPU
		{FD9A80A6-2905-4DFE-8FB2-F9F32EE4AD6B}.Debug|Any CPU.ActiveCfg = Debug|Any CPU
		{FD9A80A6-2905-4DFE-8FB2-F9F32EE4AD6B}.Debug|Any CPU.Build.0 = Debug|Any CPU
		{FD9A80A6-2905-4DFE-8FB2-F9F32EE4AD6B}.Debug|x64.ActiveCfg = Debug|Any CPU
		{FD9A80A6-2905-4DFE-8FB2-F9F32EE4AD6B}.Debug|x64.Build.0 = Debug|Any CPU
		{FD9A80A6-2905-4DFE-8FB2-F9F32EE4AD6B}.Debug|x86.ActiveCfg = Debug|Any CPU
		{FD9A80A6-2905-4DFE-8FB2-F9F32EE4AD6B}.Debug|x86.Build.0 = Debug|Any CPU
		{FD9A80A6-2905-4DFE-8FB2-F9F32EE4AD6B}.Release|Any CPU.ActiveCfg = Release|Any CPU
		{FD9A80A6-2905-4DFE-8FB2-F9F32EE4AD6B}.Release|Any CPU.Build.0 = Release|Any CPU
		{FD9A80A6-2905-4DFE-8FB2-F9F32EE4AD6B}.Release|x64.ActiveCfg = Release|Any CPU
		{FD9A80A6-2905-4DFE-8FB2-F9F32EE4AD6B}.Release|x64.Build.0 = Release|Any CPU
		{FD9A80A6-2905-4DFE-8FB2-F9F32EE4AD6B}.Release|x86.ActiveCfg = Release|Any CPU
		{FD9A80A6-2905-4DFE-8FB2-F9F32EE4AD6B}.Release|x86.Build.0 = Release|Any CPU
		{9B2909A8-D63C-4FBD-A0AD-76DCEFACCA29}.Debug|Any CPU.ActiveCfg = Debug|Any CPU
		{9B2909A8-D63C-4FBD-A0AD-76DCEFACCA29}.Debug|Any CPU.Build.0 = Debug|Any CPU
		{9B2909A8-D63C-4FBD-A0AD-76DCEFACCA29}.Debug|x64.ActiveCfg = Debug|Any CPU
		{9B2909A8-D63C-4FBD-A0AD-76DCEFACCA29}.Debug|x64.Build.0 = Debug|Any CPU
		{9B2909A8-D63C-4FBD-A0AD-76DCEFACCA29}.Debug|x86.ActiveCfg = Debug|Any CPU
		{9B2909A8-D63C-4FBD-A0AD-76DCEFACCA29}.Debug|x86.Build.0 = Debug|Any CPU
		{9B2909A8-D63C-4FBD-A0AD-76DCEFACCA29}.Release|Any CPU.ActiveCfg = Release|Any CPU
		{9B2909A8-D63C-4FBD-A0AD-76DCEFACCA29}.Release|Any CPU.Build.0 = Release|Any CPU
		{9B2909A8-D63C-4FBD-A0AD-76DCEFACCA29}.Release|x64.ActiveCfg = Release|Any CPU
		{9B2909A8-D63C-4FBD-A0AD-76DCEFACCA29}.Release|x64.Build.0 = Release|Any CPU
		{9B2909A8-D63C-4FBD-A0AD-76DCEFACCA29}.Release|x86.ActiveCfg = Release|Any CPU
		{9B2909A8-D63C-4FBD-A0AD-76DCEFACCA29}.Release|x86.Build.0 = Release|Any CPU
		{8E20CFA8-D985-4831-B4E9-8565CD19F219}.Debug|Any CPU.ActiveCfg = Debug|Any CPU
		{8E20CFA8-D985-4831-B4E9-8565CD19F219}.Debug|Any CPU.Build.0 = Debug|Any CPU
		{8E20CFA8-D985-4831-B4E9-8565CD19F219}.Debug|x64.ActiveCfg = Debug|Any CPU
		{8E20CFA8-D985-4831-B4E9-8565CD19F219}.Debug|x64.Build.0 = Debug|Any CPU
		{8E20CFA8-D985-4831-B4E9-8565CD19F219}.Debug|x86.ActiveCfg = Debug|Any CPU
		{8E20CFA8-D985-4831-B4E9-8565CD19F219}.Debug|x86.Build.0 = Debug|Any CPU
		{8E20CFA8-D985-4831-B4E9-8565CD19F219}.Release|Any CPU.ActiveCfg = Release|Any CPU
		{8E20CFA8-D985-4831-B4E9-8565CD19F219}.Release|Any CPU.Build.0 = Release|Any CPU
		{8E20CFA8-D985-4831-B4E9-8565CD19F219}.Release|x64.ActiveCfg = Release|Any CPU
		{8E20CFA8-D985-4831-B4E9-8565CD19F219}.Release|x64.Build.0 = Release|Any CPU
		{8E20CFA8-D985-4831-B4E9-8565CD19F219}.Release|x86.ActiveCfg = Release|Any CPU
		{8E20CFA8-D985-4831-B4E9-8565CD19F219}.Release|x86.Build.0 = Release|Any CPU
		{1BEFE15D-E836-49E7-860E-3490811842D3}.Debug|Any CPU.ActiveCfg = Debug|Any CPU
		{1BEFE15D-E836-49E7-860E-3490811842D3}.Debug|Any CPU.Build.0 = Debug|Any CPU
		{1BEFE15D-E836-49E7-860E-3490811842D3}.Debug|x64.ActiveCfg = Debug|Any CPU
		{1BEFE15D-E836-49E7-860E-3490811842D3}.Debug|x64.Build.0 = Debug|Any CPU
		{1BEFE15D-E836-49E7-860E-3490811842D3}.Debug|x86.ActiveCfg = Debug|Any CPU
		{1BEFE15D-E836-49E7-860E-3490811842D3}.Debug|x86.Build.0 = Debug|Any CPU
		{1BEFE15D-E836-49E7-860E-3490811842D3}.Release|Any CPU.ActiveCfg = Release|Any CPU
		{1BEFE15D-E836-49E7-860E-3490811842D3}.Release|Any CPU.Build.0 = Release|Any CPU
		{1BEFE15D-E836-49E7-860E-3490811842D3}.Release|x64.ActiveCfg = Release|Any CPU
		{1BEFE15D-E836-49E7-860E-3490811842D3}.Release|x64.Build.0 = Release|Any CPU
		{1BEFE15D-E836-49E7-860E-3490811842D3}.Release|x86.ActiveCfg = Release|Any CPU
		{1BEFE15D-E836-49E7-860E-3490811842D3}.Release|x86.Build.0 = Release|Any CPU
		{282596DA-A818-4908-9F09-2DA5BA22CFB1}.Debug|Any CPU.ActiveCfg = Debug|Any CPU
		{282596DA-A818-4908-9F09-2DA5BA22CFB1}.Debug|Any CPU.Build.0 = Debug|Any CPU
		{282596DA-A818-4908-9F09-2DA5BA22CFB1}.Debug|x64.ActiveCfg = Debug|Any CPU
		{282596DA-A818-4908-9F09-2DA5BA22CFB1}.Debug|x64.Build.0 = Debug|Any CPU
		{282596DA-A818-4908-9F09-2DA5BA22CFB1}.Debug|x86.ActiveCfg = Debug|Any CPU
		{282596DA-A818-4908-9F09-2DA5BA22CFB1}.Debug|x86.Build.0 = Debug|Any CPU
		{282596DA-A818-4908-9F09-2DA5BA22CFB1}.Release|Any CPU.ActiveCfg = Release|Any CPU
		{282596DA-A818-4908-9F09-2DA5BA22CFB1}.Release|Any CPU.Build.0 = Release|Any CPU
		{282596DA-A818-4908-9F09-2DA5BA22CFB1}.Release|x64.ActiveCfg = Release|Any CPU
		{282596DA-A818-4908-9F09-2DA5BA22CFB1}.Release|x64.Build.0 = Release|Any CPU
		{282596DA-A818-4908-9F09-2DA5BA22CFB1}.Release|x86.ActiveCfg = Release|Any CPU
		{282596DA-A818-4908-9F09-2DA5BA22CFB1}.Release|x86.Build.0 = Release|Any CPU
		{4EDC3BE0-2C3B-44B5-8471-94989896DD00}.Debug|Any CPU.ActiveCfg = Debug|Any CPU
		{4EDC3BE0-2C3B-44B5-8471-94989896DD00}.Debug|Any CPU.Build.0 = Debug|Any CPU
		{4EDC3BE0-2C3B-44B5-8471-94989896DD00}.Debug|x64.ActiveCfg = Debug|Any CPU
		{4EDC3BE0-2C3B-44B5-8471-94989896DD00}.Debug|x64.Build.0 = Debug|Any CPU
		{4EDC3BE0-2C3B-44B5-8471-94989896DD00}.Debug|x86.ActiveCfg = Debug|Any CPU
		{4EDC3BE0-2C3B-44B5-8471-94989896DD00}.Debug|x86.Build.0 = Debug|Any CPU
		{4EDC3BE0-2C3B-44B5-8471-94989896DD00}.Release|Any CPU.ActiveCfg = Release|Any CPU
		{4EDC3BE0-2C3B-44B5-8471-94989896DD00}.Release|Any CPU.Build.0 = Release|Any CPU
		{4EDC3BE0-2C3B-44B5-8471-94989896DD00}.Release|x64.ActiveCfg = Release|Any CPU
		{4EDC3BE0-2C3B-44B5-8471-94989896DD00}.Release|x64.Build.0 = Release|Any CPU
		{4EDC3BE0-2C3B-44B5-8471-94989896DD00}.Release|x86.ActiveCfg = Release|Any CPU
		{4EDC3BE0-2C3B-44B5-8471-94989896DD00}.Release|x86.Build.0 = Release|Any CPU
		{383222E1-80F0-4C85-826F-B7D0C10605BC}.Debug|Any CPU.ActiveCfg = Debug|Any CPU
		{383222E1-80F0-4C85-826F-B7D0C10605BC}.Debug|Any CPU.Build.0 = Debug|Any CPU
		{383222E1-80F0-4C85-826F-B7D0C10605BC}.Debug|x64.ActiveCfg = Debug|Any CPU
		{383222E1-80F0-4C85-826F-B7D0C10605BC}.Debug|x64.Build.0 = Debug|Any CPU
		{383222E1-80F0-4C85-826F-B7D0C10605BC}.Debug|x86.ActiveCfg = Debug|Any CPU
		{383222E1-80F0-4C85-826F-B7D0C10605BC}.Debug|x86.Build.0 = Debug|Any CPU
		{383222E1-80F0-4C85-826F-B7D0C10605BC}.Release|Any CPU.ActiveCfg = Release|Any CPU
		{383222E1-80F0-4C85-826F-B7D0C10605BC}.Release|Any CPU.Build.0 = Release|Any CPU
		{383222E1-80F0-4C85-826F-B7D0C10605BC}.Release|x64.ActiveCfg = Release|Any CPU
		{383222E1-80F0-4C85-826F-B7D0C10605BC}.Release|x64.Build.0 = Release|Any CPU
		{383222E1-80F0-4C85-826F-B7D0C10605BC}.Release|x86.ActiveCfg = Release|Any CPU
		{383222E1-80F0-4C85-826F-B7D0C10605BC}.Release|x86.Build.0 = Release|Any CPU
	EndGlobalSection
	GlobalSection(SolutionProperties) = preSolution
		HideSolutionNode = FALSE
	EndGlobalSection
	GlobalSection(NestedProjects) = preSolution
		{3BD77833-6175-4440-903D-88F9B07C6FE6} = {C8C9D0E1-F2A3-4567-89AB-CDEF67890123}
		{D0D4E5F6-A7B8-9012-3456-7890ABCDEF01} = {1157AB42-EACF-454D-92D5-DBA9FF3D0E24}
		{A1B2C3D4-E5F6-7890-1234-567890ABCDEF} = {1157AB42-EACF-454D-92D5-DBA9FF3D0E24}
		{B2C3D4E5-F6A7-8901-2345-67890ABCDEF1} = {1157AB42-EACF-454D-92D5-DBA9FF3D0E24}
		{C3D4E5F6-A7B8-9012-3456-7890ABCDEF12} = {1157AB42-EACF-454D-92D5-DBA9FF3D0E24}
		{C8C9D0E1-F2A3-4567-89AB-CDEF67890123} = {1157AB42-EACF-454D-92D5-DBA9FF3D0E24}
		{A6A7B8C9-D0E1-2345-6789-0ABCDEF45678} = {1157AB42-EACF-454D-92D5-DBA9FF3D0E24}
		{B7B8C9D0-E1F2-3456-789A-BCDEF5678901} = {1157AB42-EACF-454D-92D5-DBA9FF3D0E24}
		{D9D0E1F2-A3B4-5678-9ABC-DEF789012345} = {1157AB42-EACF-454D-92D5-DBA9FF3D0E24}
		{B5A6597C-4BCF-4680-B2EB-23AB7182F64E} = {C812C887-6495-405A-8B99-4F686D243126}
		{75DFC6A3-90CB-4041-B122-8546DCD4D7F6} = {C9AFE263-FC5F-4243-BC1F-737B0CCB6DE6}
		{11DA6C2C-FBC0-4537-A4F8-2C7F546BB8CA} = {75DFC6A3-90CB-4041-B122-8546DCD4D7F6}
		{EC780706-D1C5-46DA-A9EA-1691E3C5052A} = {A1B2C3D4-E5F6-7890-1234-567890ABCDEF}
		{D4AE63B8-9A67-43E5-865B-8E40BD1335CD} = {C9AFE263-FC5F-4243-BC1F-737B0CCB6DE6}
		{DAF6443B-10E9-4847-9E1F-DBE275E8C750} = {B2C3D4E5-F6A7-8901-2345-67890ABCDEF1}
		{08A33B13-190D-4A7A-B5D3-684D2DAD8A3E} = {D0D4E5F6-A7B8-9012-3456-7890ABCDEF01}
		{C25E2A86-E408-42C0-BAB8-560B19067014} = {20B970CD-1737-4427-A924-D299A42346FE}
		{20B970CD-1737-4427-A924-D299A42346FE} = {1157AB42-EACF-454D-92D5-DBA9FF3D0E24}
		{3393EDF4-1C36-4683-A2C7-EA1129EB3C7D} = {A1B2C3D4-E5F6-7890-1234-567890ABCDEF}
		{4CE5590C-5B04-4A95-9B2C-B7AD1619D2C5} = {A1B2C3D4-E5F6-7890-1234-567890ABCDEF}
		{EC67CD82-32AE-4D2D-B861-C0C70AAB9C5F} = {C812C887-6495-405A-8B99-4F686D243126}
		{BF7CCE7D-0CDD-430F-BC99-0DCC04E477D1} = {C812C887-6495-405A-8B99-4F686D243126}
		{FBB7C774-77D0-46E8-A9BF-E6F03F4806D7} = {C812C887-6495-405A-8B99-4F686D243126}
		{D6A46295-24F1-4B78-81B6-57DFE04EE1D3} = {C8C9D0E1-F2A3-4567-89AB-CDEF67890123}
		{586CF77B-1480-4CC4-9B46-708715D156F2} = {B2C3D4E5-F6A7-8901-2345-67890ABCDEF1}
		{C965617C-0230-4167-98E5-508436A09F93} = {B2C3D4E5-F6A7-8901-2345-67890ABCDEF1}
		{DBDE4EB5-760D-48AA-BDE4-59704B669084} = {C9AFE263-FC5F-4243-BC1F-737B0CCB6DE6}
		{A30C8928-5F0D-459A-BB1B-0AE24A160CBB} = {DBDE4EB5-760D-48AA-BDE4-59704B669084}
		{9E074A15-9B15-4B42-8D0B-8DA1A618330C} = {DBDE4EB5-760D-48AA-BDE4-59704B669084}
		{85139412-485D-4B23-8423-A0C2021B60DE} = {C3D4E5F6-A7B8-9012-3456-7890ABCDEF12}
		{9C2CDA4C-FFF3-4AA1-B31A-8804D98F0469} = {A30C8928-5F0D-459A-BB1B-0AE24A160CBB}
		{F0853B2C-FEAB-4ACF-92D5-D9FBC3DA1427} = {20B970CD-1737-4427-A924-D299A42346FE}
		{598628E9-81AA-41EE-8F2A-C9607A2D294A} = {A30C8928-5F0D-459A-BB1B-0AE24A160CBB}
		{4D444ED0-6735-4DDC-B3AC-7586B420130B} = {C9AFE263-FC5F-4243-BC1F-737B0CCB6DE6}
		{E2C1D6C3-9594-45D1-832D-E83BBCB71A32} = {4D444ED0-6735-4DDC-B3AC-7586B420130B}
		{74A2617E-BA79-459C-ABCE-1EBB4B2BC826} = {E2C1D6C3-9594-45D1-832D-E83BBCB71A32}
		{24B63C4D-D0B0-41BF-9CC8-8C3C7E6D5778} = {E2C1D6C3-9594-45D1-832D-E83BBCB71A32}
		{CB723987-9ECB-446A-832A-18CA30D7B8FE} = {A30C8928-5F0D-459A-BB1B-0AE24A160CBB}
		{DBB70D11-0133-4322-B34E-0B8E0433E4A5} = {A30C8928-5F0D-459A-BB1B-0AE24A160CBB}
		{88BE47C2-15FB-4EB2-A67C-914F8249BD46} = {D9D0E1F2-A3B4-5678-9ABC-DEF789012345}
		{C13C7A60-30CF-406F-A155-29499789A8B4} = {C812C887-6495-405A-8B99-4F686D243126}
		{35329610-DF1E-4324-9B0D-0823741FBC53} = {C812C887-6495-405A-8B99-4F686D243126}
		{3949D87F-4DE3-44CC-96AA-CF93BE770DAE} = {C812C887-6495-405A-8B99-4F686D243126}
		{AC334242-4A17-4E1B-883F-9B0E85B47163} = {A6A7B8C9-D0E1-2345-6789-0ABCDEF45678}
		{14C4D10A-7BE1-4C89-833C-2699605319A9} = {C812C887-6495-405A-8B99-4F686D243126}
		{F133FB97-C071-4CB8-91C4-F938497DB3A3} = {C812C887-6495-405A-8B99-4F686D243126}
		{2308A676-88B6-4943-877B-DE5E4BB19CAD} = {B7B8C9D0-E1F2-3456-789A-BCDEF5678901}
		{AF502331-FD6D-4D2D-A1B0-ECBAA92D090D} = {B7B8C9D0-E1F2-3456-789A-BCDEF5678901}
		{6E2B754D-803C-4874-8088-5C106E53C400} = {A30C8928-5F0D-459A-BB1B-0AE24A160CBB}
		{FD9A80A6-2905-4DFE-8FB2-F9F32EE4AD6B} = {20B970CD-1737-4427-A924-D299A42346FE}
		{9B2909A8-D63C-4FBD-A0AD-76DCEFACCA29} = {C3D4E5F6-A7B8-9012-3456-7890ABCDEF12}
		{8E20CFA8-D985-4831-B4E9-8565CD19F219} = {D0D4E5F6-A7B8-9012-3456-7890ABCDEF01}
		{1BEFE15D-E836-49E7-860E-3490811842D3} = {D0D4E5F6-A7B8-9012-3456-7890ABCDEF01}
		{282596DA-A818-4908-9F09-2DA5BA22CFB1} = {C3D4E5F6-A7B8-9012-3456-7890ABCDEF12}
		{B6F2AD3C-9322-449D-A627-E9397756CB20} = {1157AB42-EACF-454D-92D5-DBA9FF3D0E24}
		{4EDC3BE0-2C3B-44B5-8471-94989896DD00} = {B6F2AD3C-9322-449D-A627-E9397756CB20}
		{383222E1-80F0-4C85-826F-B7D0C10605BC} = {B6F2AD3C-9322-449D-A627-E9397756CB20}
	EndGlobalSection
EndGlobal
