
Microsoft Visual Studio Solution File, Format Version 12.00
# Visual Studio Version 16
VisualStudioVersion = 16.0.30114.105
MinimumVisualStudioVersion = 10.0.40219.1
Project("{2150E333-8FDC-42A3-9474-1A3956D46DE8}") = "src", "src", "{1157AB42-EACF-454D-92D5-DBA9FF3D0E24}"
EndProject
Project("{FAE04EC0-301F-11D3-BF4B-00C04F79EFBC}") = "AssociationRegistry.Acm.Api", "src\AssociationRegistry.Acm.Api\AssociationRegistry.Acm.Api.csproj", "{3BD77833-6175-4440-903D-88F9B07C6FE6}"
EndProject
Project("{2150E333-8FDC-42A3-9474-1A3956D46DE8}") = ".Solution Items", ".Solution Items", "{C9AFE263-FC5F-4243-BC1F-737B0CCB6DE6}"
	ProjectSection(SolutionItems) = preProject
		global.json = global.json
		SolutionInfo.cs = SolutionInfo.cs
		.gitignore = .gitignore
		package.json = package.json
		docker-compose.yml = docker-compose.yml
		definition_of_done.md = definition_of_done.md
		readme.md = readme.md
		CONTRIBUTING.md = CONTRIBUTING.md
		regen-marten.sh = regen-marten.sh
		otel-collector-config.yaml = otel-collector-config.yaml
		docker-compose.services.yml = docker-compose.services.yml
		.dockerignore = .dockerignore
		Directory.Packages.props = Directory.Packages.props
	EndProjectSection
EndProject
Project("{2150E333-8FDC-42A3-9474-1A3956D46DE8}") = "test", "test", "{C812C887-6495-405A-8B99-4F686D243126}"
EndProject
Project("{FAE04EC0-301F-11D3-BF4B-00C04F79EFBC}") = "AssociationRegistry.Test", "test\AssociationRegistry.Test\AssociationRegistry.Test.csproj", "{B5A6597C-4BCF-4680-B2EB-23AB7182F64E}"
EndProject
Project("{2150E333-8FDC-42A3-9474-1A3956D46DE8}") = ".github", ".github", "{75DFC6A3-90CB-4041-B122-8546DCD4D7F6}"
	ProjectSection(SolutionItems) = preProject
		.github\CODEOWNERS = .github\CODEOWNERS
	EndProjectSection
EndProject
Project("{2150E333-8FDC-42A3-9474-1A3956D46DE8}") = "workflows", "workflows", "{11DA6C2C-FBC0-4537-A4F8-2C7F546BB8CA}"
	ProjectSection(SolutionItems) = preProject
		.github\workflows\admin.push-awscli.yml = .github\workflows\admin.push-awscli.yml
		.github\workflows\admin.push-otel.yml = .github\workflows\admin.push-otel.yml
		.github\workflows\cicd.main.yml = .github\workflows\cicd.main.yml
		.github\workflows\cicd.nightly.yml = .github\workflows\cicd.nightly.yml
		.github\workflows\cicd.pull-request.yml = .github\workflows\cicd.pull-request.yml
		.github\workflows\deploy.hotfix.yml = .github\workflows\deploy.hotfix.yml
		.github\workflows\deploy.manual.kbo-lambdas.yml = .github\workflows\deploy.manual.kbo-lambdas.yml
		.github\workflows\deploy.manual.prd.yml = .github\workflows\deploy.manual.prd.yml
		.github\workflows\deploy.manual.stg.yml = .github\workflows\deploy.manual.stg.yml
		.github\workflows\deploy.manual.tst.yml = .github\workflows\deploy.manual.tst.yml
		.github\workflows\postman.full.yml = .github\workflows\postman.full.yml
		.github\workflows\postman.minimal.yml = .github\workflows\postman.minimal.yml
		.github\workflows\shared.build-image.yml = .github\workflows\shared.build-image.yml
		.github\workflows\shared.run-tests.yml = .github\workflows\shared.run-tests.yml
	EndProjectSection
EndProject
Project("{FAE04EC0-301F-11D3-BF4B-00C04F79EFBC}") = "AssociationRegistry.Public.Api", "src\AssociationRegistry.Public.Api\AssociationRegistry.Public.Api.csproj", "{EC780706-D1C5-46DA-A9EA-1691E3C5052A}"
EndProject
Project("{2150E333-8FDC-42A3-9474-1A3956D46DE8}") = "identityserver", "identityserver", "{D4AE63B8-9A67-43E5-865B-8E40BD1335CD}"
	ProjectSection(SolutionItems) = preProject
		identityserver\acm.json = identityserver\acm.json
		identityserver\vr.json = identityserver\vr.json
	EndProjectSection
EndProject
Project("{FAE04EC0-301F-11D3-BF4B-00C04F79EFBC}") = "AssociationRegistry.Admin.Api", "src\AssociationRegistry.Admin.Api\AssociationRegistry.Admin.Api.csproj", "{DAF6443B-10E9-4847-9E1F-DBE275E8C750}"
EndProject
Project("{FAE04EC0-301F-11D3-BF4B-00C04F79EFBC}") = "AssociationRegistry", "src\AssociationRegistry\AssociationRegistry.csproj", "{08A33B13-190D-4A7A-B5D3-684D2DAD8A3E}"
EndProject
Project("{FAE04EC0-301F-11D3-BF4B-00C04F79EFBC}") = "AssociationRegistry.OpenTelemetry", "src\AssociationRegistry.OpenTelemetry\AssociationRegistry.OpenTelemetry.csproj", "{C25E2A86-E408-42C0-BAB8-560B19067014}"
EndProject
Project("{2150E333-8FDC-42A3-9474-1A3956D46DE8}") = "infra", "infra", "{20B970CD-1737-4427-A924-D299A42346FE}"
EndProject
Project("{FAE04EC0-301F-11D3-BF4B-00C04F79EFBC}") = "AssociationRegistry.Public.ProjectionHost", "src\AssociationRegistry.Public.ProjectionHost\AssociationRegistry.Public.ProjectionHost.csproj", "{3393EDF4-1C36-4683-A2C7-EA1129EB3C7D}"
EndProject
Project("{FAE04EC0-301F-11D3-BF4B-00C04F79EFBC}") = "AssociationRegistry.Public.Schema", "src\AssociationRegistry.Public.Schema\AssociationRegistry.Public.Schema.csproj", "{4CE5590C-5B04-4A95-9B2C-B7AD1619D2C5}"
EndProject
Project("{FAE04EC0-301F-11D3-BF4B-00C04F79EFBC}") = "AssociationRegistry.Test.Admin.Api", "test\AssociationRegistry.Test.Admin.Api\AssociationRegistry.Test.Admin.Api.csproj", "{EC67CD82-32AE-4D2D-B861-C0C70AAB9C5F}"
EndProject
Project("{FAE04EC0-301F-11D3-BF4B-00C04F79EFBC}") = "AssociationRegistry.Test.Public.Api", "test\AssociationRegistry.Test.Public.Api\AssociationRegistry.Test.Public.Api.csproj", "{BF7CCE7D-0CDD-430F-BC99-0DCC04E477D1}"
EndProject
Project("{FAE04EC0-301F-11D3-BF4B-00C04F79EFBC}") = "AssociationRegistry.Test.Acm.Api", "test\AssociationRegistry.Test.Acm.Api\AssociationRegistry.Test.Acm.Api.csproj", "{FBB7C774-77D0-46E8-A9BF-E6F03F4806D7}"
EndProject
Project("{FAE04EC0-301F-11D3-BF4B-00C04F79EFBC}") = "AssociationRegistry.Acm.Schema", "src\AssociationRegistry.Acm.Schema\AssociationRegistry.Acm.Schema.csproj", "{D6A46295-24F1-4B78-81B6-57DFE04EE1D3}"
EndProject
Project("{FAE04EC0-301F-11D3-BF4B-00C04F79EFBC}") = "AssociationRegistry.Admin.Schema", "src\AssociationRegistry.Admin.Schema\AssociationRegistry.Admin.Schema.csproj", "{586CF77B-1480-4CC4-9B46-708715D156F2}"
EndProject
Project("{FAE04EC0-301F-11D3-BF4B-00C04F79EFBC}") = "AssociationRegistry.Admin.ProjectionHost", "src\AssociationRegistry.Admin.ProjectionHost\AssociationRegistry.Admin.ProjectionHost.csproj", "{C965617C-0230-4167-98E5-508436A09F93}"
EndProject
Project("{2150E333-8FDC-42A3-9474-1A3956D46DE8}") = "wiremock", "wiremock", "{DBDE4EB5-760D-48AA-BDE4-59704B669084}"
EndProject
Project("{2150E333-8FDC-42A3-9474-1A3956D46DE8}") = "__files", "__files", "{A30C8928-5F0D-459A-BB1B-0AE24A160CBB}"
EndProject
Project("{2150E333-8FDC-42A3-9474-1A3956D46DE8}") = "mappings", "mappings", "{9E074A15-9B15-4B42-8D0B-8DA1A618330C}"
	ProjectSection(SolutionItems) = preProject
		wiremock\mappings\GeefOnderneming.json = wiremock\mappings\GeefOnderneming.json
		wiremock\mappings\GeefOnderneming.fallback.json = wiremock\mappings\GeefOnderneming.fallback.json
		wiremock\mappings\unmapped.json = wiremock\mappings\unmapped.json
		wiremock\mappings\GeefOnderneming.connection-failure.json = wiremock\mappings\GeefOnderneming.connection-failure.json
		wiremock\mappings\GeefOnderneming.notfound.json = wiremock\mappings\GeefOnderneming.notfound.json
		wiremock\mappings\GeefOnderneming.vestiging.json = wiremock\mappings\GeefOnderneming.vestiging.json
		wiremock\mappings\projectionactions.json = wiremock\mappings\projectionactions.json
		wiremock\mappings\RegistreerInschrijving.json = wiremock\mappings\RegistreerInschrijving.json
		wiremock\mappings\RegistreerInschrijving.connection-failure.json = wiremock\mappings\RegistreerInschrijving.connection-failure.json
		wiremock\mappings\RegistreerInschrijving.uitzondering.fout.json = wiremock\mappings\RegistreerInschrijving.uitzondering.fout.json
		wiremock\mappings\AdresMatch.exact-match-dendermonde.json = wiremock\mappings\AdresMatch.exact-match-dendermonde.json
		wiremock\mappings\AdresMatch.no-exact-match-dendermonde.json = wiremock\mappings\AdresMatch.no-exact-match-dendermonde.json
		wiremock\mappings\AdresMatch.exact-match-affligem.json = wiremock\mappings\AdresMatch.exact-match-affligem.json
		wiremock\mappings\PostalInformation.1790.json = wiremock\mappings\PostalInformation.1790.json
		wiremock\mappings\PostalInformation.9200.json = wiremock\mappings\PostalInformation.9200.json
		wiremock\mappings\PostalInformation.fallback.json = wiremock\mappings\PostalInformation.fallback.json
		wiremock\mappings\AdresMatch.exact-match-hekelgem.json = wiremock\mappings\AdresMatch.exact-match-hekelgem.json
		wiremock\mappings\AdresDetail.861019.json = wiremock\mappings\AdresDetail.861019.json
	EndProjectSection
EndProject
Project("{FAE04EC0-301F-11D3-BF4B-00C04F79EFBC}") = "AssociationRegistry.Magda", "src\AssociationRegistry.Magda\AssociationRegistry.Magda.csproj", "{85139412-485D-4B23-8423-A0C2021B60DE}"
EndProject
Project("{2150E333-8FDC-42A3-9474-1A3956D46DE8}") = "GeefOndernemingResponses", "GeefOndernemingResponses", "{9C2CDA4C-FFF3-4AA1-B31A-8804D98F0469}"
	ProjectSection(SolutionItems) = preProject
		wiremock\__files\GeefOndernemingResponses\0442528054.xml = wiremock\__files\GeefOndernemingResponses\0442528054.xml
		wiremock\__files\GeefOndernemingResponses\0563634435.xml = wiremock\__files\GeefOndernemingResponses\0563634435.xml
		wiremock\__files\GeefOndernemingResponses\fallback.xml = wiremock\__files\GeefOndernemingResponses\fallback.xml
		wiremock\__files\GeefOndernemingResponses\0468831484.xml = wiremock\__files\GeefOndernemingResponses\0468831484.xml
		wiremock\__files\GeefOndernemingResponses\0546572531.xml = wiremock\__files\GeefOndernemingResponses\0546572531.xml
		wiremock\__files\GeefOndernemingResponses\0554790609.xml = wiremock\__files\GeefOndernemingResponses\0554790609.xml
		wiremock\__files\GeefOndernemingResponses\0824992720.xml = wiremock\__files\GeefOndernemingResponses\0824992720.xml
		wiremock\__files\GeefOndernemingResponses\0000000196.notfound.xml = wiremock\__files\GeefOndernemingResponses\0000000196.notfound.xml
		wiremock\__files\GeefOndernemingResponses\2289324120.vestiging.xml = wiremock\__files\GeefOndernemingResponses\2289324120.vestiging.xml
		wiremock\__files\GeefOndernemingResponses\0407622110.xml = wiremock\__files\GeefOndernemingResponses\0407622110.xml
		wiremock\__files\GeefOndernemingResponses\0408498573.xml = wiremock\__files\GeefOndernemingResponses\0408498573.xml
		wiremock\__files\GeefOndernemingResponses\0407622011.xml = wiremock\__files\GeefOndernemingResponses\0407622011.xml
	EndProjectSection
EndProject
Project("{FAE04EC0-301F-11D3-BF4B-00C04F79EFBC}") = "AssociationRegistry.Hosts", "src\AssociationRegistry.Hosts\AssociationRegistry.Hosts.csproj", "{F0853B2C-FEAB-4ACF-92D5-D9FBC3DA1427}"
EndProject
Project("{2150E333-8FDC-42A3-9474-1A3956D46DE8}") = "RegistreerInschrijvingResponses", "RegistreerInschrijvingResponses", "{598628E9-81AA-41EE-8F2A-C9607A2D294A}"
	ProjectSection(SolutionItems) = preProject
		wiremock\__files\RegistreerInschrijvingResponses\RegistreerInschrijvingResponse.xml = wiremock\__files\RegistreerInschrijvingResponses\RegistreerInschrijvingResponse.xml
		wiremock\__files\RegistreerInschrijvingResponses\0725459040.uitzondering.fout.xml = wiremock\__files\RegistreerInschrijvingResponses\0725459040.uitzondering.fout.xml
	EndProjectSection
EndProject
Project("{2150E333-8FDC-42A3-9474-1A3956D46DE8}") = "localstack", "localstack", "{4D444ED0-6735-4DDC-B3AC-7586B420130B}"
EndProject
Project("{2150E333-8FDC-42A3-9474-1A3956D46DE8}") = "init", "init", "{E2C1D6C3-9594-45D1-832D-E83BBCB71A32}"
EndProject
Project("{2150E333-8FDC-42A3-9474-1A3956D46DE8}") = "boot", "boot", "{74A2617E-BA79-459C-ABCE-1EBB4B2BC826}"
	ProjectSection(SolutionItems) = preProject
		.localstack\init\boot.d\update-bin.sh = .localstack\init\boot.d\update-bin.sh
	EndProjectSection
EndProject
Project("{2150E333-8FDC-42A3-9474-1A3956D46DE8}") = "ready", "ready", "{24B63C4D-D0B0-41BF-9CC8-8C3C7E6D5778}"
	ProjectSection(SolutionItems) = preProject
		.localstack\init\ready.d\01_sqs-init.sh = .localstack\init\ready.d\01_sqs-init.sh
		.localstack\init\ready.d\02_s3-init.sh = .localstack\init\ready.d\02_s3-init.sh
	EndProjectSection
EndProject
Project("{2150E333-8FDC-42A3-9474-1A3956D46DE8}") = "AdresMatch", "AdresMatch", "{CB723987-9ECB-446A-832A-18CA30D7B8FE}"
	ProjectSection(SolutionItems) = preProject
		wiremock\__files\AdresMatch\Exact_Match_Dendermonde.json = wiremock\__files\AdresMatch\Exact_Match_Dendermonde.json
		wiremock\__files\AdresMatch\No_Exact_Match_Dendermonde.json = wiremock\__files\AdresMatch\No_Exact_Match_Dendermonde.json
		wiremock\__files\AdresMatch\Exact_Match_Affligem.json = wiremock\__files\AdresMatch\Exact_Match_Affligem.json
		wiremock\__files\AdresMatch\Exact_Match_Hekelgem.json = wiremock\__files\AdresMatch\Exact_Match_Hekelgem.json
	EndProjectSection
EndProject
Project("{2150E333-8FDC-42A3-9474-1A3956D46DE8}") = "PostalInformation", "PostalInformation", "{DBB70D11-0133-4322-B34E-0B8E0433E4A5}"
	ProjectSection(SolutionItems) = preProject
		wiremock\__files\PostalInformation\1790.json = wiremock\__files\PostalInformation\1790.json
		wiremock\__files\PostalInformation\9200.json = wiremock\__files\PostalInformation\9200.json
		wiremock\__files\PostalInformation\fallback.json = wiremock\__files\PostalInformation\fallback.json
	EndProjectSection
EndProject
Project("{FAE04EC0-301F-11D3-BF4B-00C04F79EFBC}") = "AssociationRegistry.Admin.AddressSync", "src\AssociationRegistry.Admin.AddressSync\AssociationRegistry.Admin.AddressSync.csproj", "{88BE47C2-15FB-4EB2-A67C-914F8249BD46}"
EndProject
Project("{FAE04EC0-301F-11D3-BF4B-00C04F79EFBC}") = "AssociationRegistry.Test.Admin.AddressSync", "test\AssociationRegistry.Test.Admin.AddressSync\AssociationRegistry.Test.Admin.AddressSync.csproj", "{C13C7A60-30CF-406F-A155-29499789A8B4}"
EndProject
Project("{FAE04EC0-301F-11D3-BF4B-00C04F79EFBC}") = "AssociationRegistry.Test.E2E", "test\AssociationRegistry.Test.E2E\AssociationRegistry.Test.E2E.csproj", "{35329610-DF1E-4324-9B0D-0823741FBC53}"
EndProject
Project("{FAE04EC0-301F-11D3-BF4B-00C04F79EFBC}") = "AssociationRegistry.Test.Common", "test\AssociationRegistry.Test.Common\AssociationRegistry.Test.Common.csproj", "{3949D87F-4DE3-44CC-96AA-CF93BE770DAE}"
EndProject
Project("{FAE04EC0-301F-11D3-BF4B-00C04F79EFBC}") = "AssociationRegistry.PowerBi.ExportHost", "src\AssociationRegistry.PowerBi.ExportHost\AssociationRegistry.PowerBi.ExportHost.csproj", "{AC334242-4A17-4E1B-883F-9B0E85B47163}"
EndProject
Project("{FAE04EC0-301F-11D3-BF4B-00C04F79EFBC}") = "AssociationRegistry.Test.PowerBi.ExportHost", "test\AssociationRegistry.Test.PowerBi.ExportHost\AssociationRegistry.Test.PowerBi.ExportHost.csproj", "{14C4D10A-7BE1-4C89-833C-2699605319A9}"
EndProject
Project("{FAE04EC0-301F-11D3-BF4B-00C04F79EFBC}") = "AssociationRegistry.Test.Projections", "test\AssociationRegistry.Test.Projections\AssociationRegistry.Test.Projections.csproj", "{F133FB97-C071-4CB8-91C4-F938497DB3A3}"
EndProject
Project("{FAE04EC0-301F-11D3-BF4B-00C04F79EFBC}") = "AssociationRegistry.KboMutations.SyncLambda", "src\AssociationRegistry.KboMutations.SyncLambda\AssociationRegistry.KboMutations.SyncLambda.csproj", "{2308A676-88B6-4943-877B-DE5E4BB19CAD}"
EndProject
Project("{FAE04EC0-301F-11D3-BF4B-00C04F79EFBC}") = "AssociationRegistry.KboMutations", "src\AssociationRegistry.KboMutations\AssociationRegistry.KboMutations.csproj", "{AF502331-FD6D-4D2D-A1B0-ECBAA92D090D}"
EndProject
Project("{2150E333-8FDC-42A3-9474-1A3956D46DE8}") = "AdresDetail", "AdresDetail", "{6E2B754D-803C-4874-8088-5C106E53C400}"
	ProjectSection(SolutionItems) = preProject
		wiremock\__files\AdresDetail\861019.json = wiremock\__files\AdresDetail\861019.json
	EndProjectSection
EndProject
Project("{FAE04EC0-301F-11D3-BF4B-00C04F79EFBC}") = "AssociationRegistry.Shared.MartenDb", "AssociationRegistry.Shared.MartenDb\AssociationRegistry.Shared.MartenDb.csproj", "{383F9925-8C15-4EC7-BEA2-F15FF3EB181E}"
EndProject
Project("{FAE04EC0-301F-11D3-BF4B-00C04F79EFBC}") = "AssociationRegistry.Shared.Serialization", "AssociationRegistry.Shared.Serialization\AssociationRegistry.Shared.Serialization.csproj", "{E4556A78-EE8A-416B-9A10-390C073FE507}"
EndProject
Global
	GlobalSection(SolutionConfigurationPlatforms) = preSolution
		Debug|Any CPU = Debug|Any CPU
		Release|Any CPU = Release|Any CPU
	EndGlobalSection
	GlobalSection(SolutionProperties) = preSolution
		HideSolutionNode = FALSE
	EndGlobalSection
	GlobalSection(ProjectConfigurationPlatforms) = postSolution
		{3BD77833-6175-4440-903D-88F9B07C6FE6}.Debug|Any CPU.ActiveCfg = Debug|Any CPU
		{3BD77833-6175-4440-903D-88F9B07C6FE6}.Debug|Any CPU.Build.0 = Debug|Any CPU
		{3BD77833-6175-4440-903D-88F9B07C6FE6}.Release|Any CPU.ActiveCfg = Release|Any CPU
		{3BD77833-6175-4440-903D-88F9B07C6FE6}.Release|Any CPU.Build.0 = Release|Any CPU
		{B5A6597C-4BCF-4680-B2EB-23AB7182F64E}.Debug|Any CPU.ActiveCfg = Debug|Any CPU
		{B5A6597C-4BCF-4680-B2EB-23AB7182F64E}.Debug|Any CPU.Build.0 = Debug|Any CPU
		{B5A6597C-4BCF-4680-B2EB-23AB7182F64E}.Release|Any CPU.ActiveCfg = Release|Any CPU
		{B5A6597C-4BCF-4680-B2EB-23AB7182F64E}.Release|Any CPU.Build.0 = Release|Any CPU
		{EC780706-D1C5-46DA-A9EA-1691E3C5052A}.Debug|Any CPU.ActiveCfg = Debug|Any CPU
		{EC780706-D1C5-46DA-A9EA-1691E3C5052A}.Debug|Any CPU.Build.0 = Debug|Any CPU
		{EC780706-D1C5-46DA-A9EA-1691E3C5052A}.Release|Any CPU.ActiveCfg = Release|Any CPU
		{EC780706-D1C5-46DA-A9EA-1691E3C5052A}.Release|Any CPU.Build.0 = Release|Any CPU
		{DAF6443B-10E9-4847-9E1F-DBE275E8C750}.Debug|Any CPU.ActiveCfg = Debug|Any CPU
		{DAF6443B-10E9-4847-9E1F-DBE275E8C750}.Debug|Any CPU.Build.0 = Debug|Any CPU
		{DAF6443B-10E9-4847-9E1F-DBE275E8C750}.Release|Any CPU.ActiveCfg = Release|Any CPU
		{DAF6443B-10E9-4847-9E1F-DBE275E8C750}.Release|Any CPU.Build.0 = Release|Any CPU
		{08A33B13-190D-4A7A-B5D3-684D2DAD8A3E}.Debug|Any CPU.ActiveCfg = Debug|Any CPU
		{08A33B13-190D-4A7A-B5D3-684D2DAD8A3E}.Debug|Any CPU.Build.0 = Debug|Any CPU
		{08A33B13-190D-4A7A-B5D3-684D2DAD8A3E}.Release|Any CPU.ActiveCfg = Release|Any CPU
		{08A33B13-190D-4A7A-B5D3-684D2DAD8A3E}.Release|Any CPU.Build.0 = Release|Any CPU
		{C25E2A86-E408-42C0-BAB8-560B19067014}.Debug|Any CPU.ActiveCfg = Debug|Any CPU
		{C25E2A86-E408-42C0-BAB8-560B19067014}.Debug|Any CPU.Build.0 = Debug|Any CPU
		{C25E2A86-E408-42C0-BAB8-560B19067014}.Release|Any CPU.ActiveCfg = Release|Any CPU
		{C25E2A86-E408-42C0-BAB8-560B19067014}.Release|Any CPU.Build.0 = Release|Any CPU
		{3393EDF4-1C36-4683-A2C7-EA1129EB3C7D}.Debug|Any CPU.ActiveCfg = Debug|Any CPU
		{3393EDF4-1C36-4683-A2C7-EA1129EB3C7D}.Debug|Any CPU.Build.0 = Debug|Any CPU
		{3393EDF4-1C36-4683-A2C7-EA1129EB3C7D}.Release|Any CPU.ActiveCfg = Release|Any CPU
		{3393EDF4-1C36-4683-A2C7-EA1129EB3C7D}.Release|Any CPU.Build.0 = Release|Any CPU
		{4CE5590C-5B04-4A95-9B2C-B7AD1619D2C5}.Debug|Any CPU.ActiveCfg = Debug|Any CPU
		{4CE5590C-5B04-4A95-9B2C-B7AD1619D2C5}.Debug|Any CPU.Build.0 = Debug|Any CPU
		{4CE5590C-5B04-4A95-9B2C-B7AD1619D2C5}.Release|Any CPU.ActiveCfg = Release|Any CPU
		{4CE5590C-5B04-4A95-9B2C-B7AD1619D2C5}.Release|Any CPU.Build.0 = Release|Any CPU
		{EC67CD82-32AE-4D2D-B861-C0C70AAB9C5F}.Debug|Any CPU.ActiveCfg = Debug|Any CPU
		{EC67CD82-32AE-4D2D-B861-C0C70AAB9C5F}.Debug|Any CPU.Build.0 = Debug|Any CPU
		{EC67CD82-32AE-4D2D-B861-C0C70AAB9C5F}.Release|Any CPU.ActiveCfg = Release|Any CPU
		{EC67CD82-32AE-4D2D-B861-C0C70AAB9C5F}.Release|Any CPU.Build.0 = Release|Any CPU
		{BF7CCE7D-0CDD-430F-BC99-0DCC04E477D1}.Debug|Any CPU.ActiveCfg = Debug|Any CPU
		{BF7CCE7D-0CDD-430F-BC99-0DCC04E477D1}.Debug|Any CPU.Build.0 = Debug|Any CPU
		{BF7CCE7D-0CDD-430F-BC99-0DCC04E477D1}.Release|Any CPU.ActiveCfg = Release|Any CPU
		{BF7CCE7D-0CDD-430F-BC99-0DCC04E477D1}.Release|Any CPU.Build.0 = Release|Any CPU
		{FBB7C774-77D0-46E8-A9BF-E6F03F4806D7}.Debug|Any CPU.ActiveCfg = Debug|Any CPU
		{FBB7C774-77D0-46E8-A9BF-E6F03F4806D7}.Debug|Any CPU.Build.0 = Debug|Any CPU
		{FBB7C774-77D0-46E8-A9BF-E6F03F4806D7}.Release|Any CPU.ActiveCfg = Release|Any CPU
		{FBB7C774-77D0-46E8-A9BF-E6F03F4806D7}.Release|Any CPU.Build.0 = Release|Any CPU
		{D6A46295-24F1-4B78-81B6-57DFE04EE1D3}.Debug|Any CPU.ActiveCfg = Debug|Any CPU
		{D6A46295-24F1-4B78-81B6-57DFE04EE1D3}.Debug|Any CPU.Build.0 = Debug|Any CPU
		{D6A46295-24F1-4B78-81B6-57DFE04EE1D3}.Release|Any CPU.ActiveCfg = Release|Any CPU
		{D6A46295-24F1-4B78-81B6-57DFE04EE1D3}.Release|Any CPU.Build.0 = Release|Any CPU
		{586CF77B-1480-4CC4-9B46-708715D156F2}.Debug|Any CPU.ActiveCfg = Debug|Any CPU
		{586CF77B-1480-4CC4-9B46-708715D156F2}.Debug|Any CPU.Build.0 = Debug|Any CPU
		{586CF77B-1480-4CC4-9B46-708715D156F2}.Release|Any CPU.ActiveCfg = Release|Any CPU
		{586CF77B-1480-4CC4-9B46-708715D156F2}.Release|Any CPU.Build.0 = Release|Any CPU
		{C965617C-0230-4167-98E5-508436A09F93}.Debug|Any CPU.ActiveCfg = Debug|Any CPU
		{C965617C-0230-4167-98E5-508436A09F93}.Debug|Any CPU.Build.0 = Debug|Any CPU
		{C965617C-0230-4167-98E5-508436A09F93}.Release|Any CPU.ActiveCfg = Release|Any CPU
		{C965617C-0230-4167-98E5-508436A09F93}.Release|Any CPU.Build.0 = Release|Any CPU
		{85139412-485D-4B23-8423-A0C2021B60DE}.Debug|Any CPU.ActiveCfg = Debug|Any CPU
		{85139412-485D-4B23-8423-A0C2021B60DE}.Debug|Any CPU.Build.0 = Debug|Any CPU
		{85139412-485D-4B23-8423-A0C2021B60DE}.Release|Any CPU.ActiveCfg = Release|Any CPU
		{85139412-485D-4B23-8423-A0C2021B60DE}.Release|Any CPU.Build.0 = Release|Any CPU
		{F0853B2C-FEAB-4ACF-92D5-D9FBC3DA1427}.Debug|Any CPU.ActiveCfg = Debug|Any CPU
		{F0853B2C-FEAB-4ACF-92D5-D9FBC3DA1427}.Debug|Any CPU.Build.0 = Debug|Any CPU
		{F0853B2C-FEAB-4ACF-92D5-D9FBC3DA1427}.Release|Any CPU.ActiveCfg = Release|Any CPU
		{F0853B2C-FEAB-4ACF-92D5-D9FBC3DA1427}.Release|Any CPU.Build.0 = Release|Any CPU
		{88BE47C2-15FB-4EB2-A67C-914F8249BD46}.Debug|Any CPU.ActiveCfg = Debug|Any CPU
		{88BE47C2-15FB-4EB2-A67C-914F8249BD46}.Debug|Any CPU.Build.0 = Debug|Any CPU
		{88BE47C2-15FB-4EB2-A67C-914F8249BD46}.Release|Any CPU.ActiveCfg = Release|Any CPU
		{88BE47C2-15FB-4EB2-A67C-914F8249BD46}.Release|Any CPU.Build.0 = Release|Any CPU
		{C13C7A60-30CF-406F-A155-29499789A8B4}.Debug|Any CPU.ActiveCfg = Debug|Any CPU
		{C13C7A60-30CF-406F-A155-29499789A8B4}.Debug|Any CPU.Build.0 = Debug|Any CPU
		{C13C7A60-30CF-406F-A155-29499789A8B4}.Release|Any CPU.ActiveCfg = Release|Any CPU
		{C13C7A60-30CF-406F-A155-29499789A8B4}.Release|Any CPU.Build.0 = Release|Any CPU
		{35329610-DF1E-4324-9B0D-0823741FBC53}.Debug|Any CPU.ActiveCfg = Debug|Any CPU
		{35329610-DF1E-4324-9B0D-0823741FBC53}.Debug|Any CPU.Build.0 = Debug|Any CPU
		{35329610-DF1E-4324-9B0D-0823741FBC53}.Release|Any CPU.ActiveCfg = Release|Any CPU
		{35329610-DF1E-4324-9B0D-0823741FBC53}.Release|Any CPU.Build.0 = Release|Any CPU
		{3949D87F-4DE3-44CC-96AA-CF93BE770DAE}.Debug|Any CPU.ActiveCfg = Debug|Any CPU
		{3949D87F-4DE3-44CC-96AA-CF93BE770DAE}.Debug|Any CPU.Build.0 = Debug|Any CPU
		{3949D87F-4DE3-44CC-96AA-CF93BE770DAE}.Release|Any CPU.ActiveCfg = Release|Any CPU
		{3949D87F-4DE3-44CC-96AA-CF93BE770DAE}.Release|Any CPU.Build.0 = Release|Any CPU
		{AC334242-4A17-4E1B-883F-9B0E85B47163}.Debug|Any CPU.ActiveCfg = Debug|Any CPU
		{AC334242-4A17-4E1B-883F-9B0E85B47163}.Debug|Any CPU.Build.0 = Debug|Any CPU
		{AC334242-4A17-4E1B-883F-9B0E85B47163}.Release|Any CPU.ActiveCfg = Release|Any CPU
		{AC334242-4A17-4E1B-883F-9B0E85B47163}.Release|Any CPU.Build.0 = Release|Any CPU
		{14C4D10A-7BE1-4C89-833C-2699605319A9}.Debug|Any CPU.ActiveCfg = Debug|Any CPU
		{14C4D10A-7BE1-4C89-833C-2699605319A9}.Debug|Any CPU.Build.0 = Debug|Any CPU
		{14C4D10A-7BE1-4C89-833C-2699605319A9}.Release|Any CPU.ActiveCfg = Release|Any CPU
		{14C4D10A-7BE1-4C89-833C-2699605319A9}.Release|Any CPU.Build.0 = Release|Any CPU
		{F133FB97-C071-4CB8-91C4-F938497DB3A3}.Debug|Any CPU.ActiveCfg = Debug|Any CPU
		{F133FB97-C071-4CB8-91C4-F938497DB3A3}.Debug|Any CPU.Build.0 = Debug|Any CPU
		{F133FB97-C071-4CB8-91C4-F938497DB3A3}.Release|Any CPU.ActiveCfg = Release|Any CPU
		{F133FB97-C071-4CB8-91C4-F938497DB3A3}.Release|Any CPU.Build.0 = Release|Any CPU
		{2308A676-88B6-4943-877B-DE5E4BB19CAD}.Debug|Any CPU.ActiveCfg = Debug|Any CPU
		{2308A676-88B6-4943-877B-DE5E4BB19CAD}.Debug|Any CPU.Build.0 = Debug|Any CPU
		{2308A676-88B6-4943-877B-DE5E4BB19CAD}.Release|Any CPU.ActiveCfg = Release|Any CPU
		{2308A676-88B6-4943-877B-DE5E4BB19CAD}.Release|Any CPU.Build.0 = Release|Any CPU
		{AF502331-FD6D-4D2D-A1B0-ECBAA92D090D}.Debug|Any CPU.ActiveCfg = Debug|Any CPU
		{AF502331-FD6D-4D2D-A1B0-ECBAA92D090D}.Debug|Any CPU.Build.0 = Debug|Any CPU
		{AF502331-FD6D-4D2D-A1B0-ECBAA92D090D}.Release|Any CPU.ActiveCfg = Release|Any CPU
		{AF502331-FD6D-4D2D-A1B0-ECBAA92D090D}.Release|Any CPU.Build.0 = Release|Any CPU
		{383F9925-8C15-4EC7-BEA2-F15FF3EB181E}.Debug|Any CPU.ActiveCfg = Debug|Any CPU
		{383F9925-8C15-4EC7-BEA2-F15FF3EB181E}.Debug|Any CPU.Build.0 = Debug|Any CPU
		{383F9925-8C15-4EC7-BEA2-F15FF3EB181E}.Release|Any CPU.ActiveCfg = Release|Any CPU
		{383F9925-8C15-4EC7-BEA2-F15FF3EB181E}.Release|Any CPU.Build.0 = Release|Any CPU
		{E4556A78-EE8A-416B-9A10-390C073FE507}.Debug|Any CPU.ActiveCfg = Debug|Any CPU
		{E4556A78-EE8A-416B-9A10-390C073FE507}.Debug|Any CPU.Build.0 = Debug|Any CPU
		{E4556A78-EE8A-416B-9A10-390C073FE507}.Release|Any CPU.ActiveCfg = Release|Any CPU
		{E4556A78-EE8A-416B-9A10-390C073FE507}.Release|Any CPU.Build.0 = Release|Any CPU
	EndGlobalSection
	GlobalSection(NestedProjects) = preSolution
		{3BD77833-6175-4440-903D-88F9B07C6FE6} = {1157AB42-EACF-454D-92D5-DBA9FF3D0E24}
		{B5A6597C-4BCF-4680-B2EB-23AB7182F64E} = {C812C887-6495-405A-8B99-4F686D243126}
		{75DFC6A3-90CB-4041-B122-8546DCD4D7F6} = {C9AFE263-FC5F-4243-BC1F-737B0CCB6DE6}
		{11DA6C2C-FBC0-4537-A4F8-2C7F546BB8CA} = {75DFC6A3-90CB-4041-B122-8546DCD4D7F6}
		{EC780706-D1C5-46DA-A9EA-1691E3C5052A} = {1157AB42-EACF-454D-92D5-DBA9FF3D0E24}
		{D4AE63B8-9A67-43E5-865B-8E40BD1335CD} = {C9AFE263-FC5F-4243-BC1F-737B0CCB6DE6}
		{DAF6443B-10E9-4847-9E1F-DBE275E8C750} = {1157AB42-EACF-454D-92D5-DBA9FF3D0E24}
		{08A33B13-190D-4A7A-B5D3-684D2DAD8A3E} = {1157AB42-EACF-454D-92D5-DBA9FF3D0E24}
		{C25E2A86-E408-42C0-BAB8-560B19067014} = {20B970CD-1737-4427-A924-D299A42346FE}
		{3393EDF4-1C36-4683-A2C7-EA1129EB3C7D} = {1157AB42-EACF-454D-92D5-DBA9FF3D0E24}
		{4CE5590C-5B04-4A95-9B2C-B7AD1619D2C5} = {1157AB42-EACF-454D-92D5-DBA9FF3D0E24}
		{EC67CD82-32AE-4D2D-B861-C0C70AAB9C5F} = {C812C887-6495-405A-8B99-4F686D243126}
		{BF7CCE7D-0CDD-430F-BC99-0DCC04E477D1} = {C812C887-6495-405A-8B99-4F686D243126}
		{FBB7C774-77D0-46E8-A9BF-E6F03F4806D7} = {C812C887-6495-405A-8B99-4F686D243126}
		{D6A46295-24F1-4B78-81B6-57DFE04EE1D3} = {1157AB42-EACF-454D-92D5-DBA9FF3D0E24}
		{586CF77B-1480-4CC4-9B46-708715D156F2} = {1157AB42-EACF-454D-92D5-DBA9FF3D0E24}
		{C965617C-0230-4167-98E5-508436A09F93} = {1157AB42-EACF-454D-92D5-DBA9FF3D0E24}
		{DBDE4EB5-760D-48AA-BDE4-59704B669084} = {C9AFE263-FC5F-4243-BC1F-737B0CCB6DE6}
		{A30C8928-5F0D-459A-BB1B-0AE24A160CBB} = {DBDE4EB5-760D-48AA-BDE4-59704B669084}
		{9E074A15-9B15-4B42-8D0B-8DA1A618330C} = {DBDE4EB5-760D-48AA-BDE4-59704B669084}
		{85139412-485D-4B23-8423-A0C2021B60DE} = {1157AB42-EACF-454D-92D5-DBA9FF3D0E24}
		{9C2CDA4C-FFF3-4AA1-B31A-8804D98F0469} = {A30C8928-5F0D-459A-BB1B-0AE24A160CBB}
		{F0853B2C-FEAB-4ACF-92D5-D9FBC3DA1427} = {20B970CD-1737-4427-A924-D299A42346FE}
		{598628E9-81AA-41EE-8F2A-C9607A2D294A} = {A30C8928-5F0D-459A-BB1B-0AE24A160CBB}
		{4D444ED0-6735-4DDC-B3AC-7586B420130B} = {C9AFE263-FC5F-4243-BC1F-737B0CCB6DE6}
		{E2C1D6C3-9594-45D1-832D-E83BBCB71A32} = {4D444ED0-6735-4DDC-B3AC-7586B420130B}
		{74A2617E-BA79-459C-ABCE-1EBB4B2BC826} = {E2C1D6C3-9594-45D1-832D-E83BBCB71A32}
		{24B63C4D-D0B0-41BF-9CC8-8C3C7E6D5778} = {E2C1D6C3-9594-45D1-832D-E83BBCB71A32}
		{CB723987-9ECB-446A-832A-18CA30D7B8FE} = {A30C8928-5F0D-459A-BB1B-0AE24A160CBB}
		{DBB70D11-0133-4322-B34E-0B8E0433E4A5} = {A30C8928-5F0D-459A-BB1B-0AE24A160CBB}
		{88BE47C2-15FB-4EB2-A67C-914F8249BD46} = {1157AB42-EACF-454D-92D5-DBA9FF3D0E24}
		{C13C7A60-30CF-406F-A155-29499789A8B4} = {C812C887-6495-405A-8B99-4F686D243126}
		{35329610-DF1E-4324-9B0D-0823741FBC53} = {C812C887-6495-405A-8B99-4F686D243126}
		{3949D87F-4DE3-44CC-96AA-CF93BE770DAE} = {C812C887-6495-405A-8B99-4F686D243126}
		{AC334242-4A17-4E1B-883F-9B0E85B47163} = {1157AB42-EACF-454D-92D5-DBA9FF3D0E24}
		{14C4D10A-7BE1-4C89-833C-2699605319A9} = {C812C887-6495-405A-8B99-4F686D243126}
		{F133FB97-C071-4CB8-91C4-F938497DB3A3} = {C812C887-6495-405A-8B99-4F686D243126}
		{2308A676-88B6-4943-877B-DE5E4BB19CAD} = {1157AB42-EACF-454D-92D5-DBA9FF3D0E24}
		{AF502331-FD6D-4D2D-A1B0-ECBAA92D090D} = {1157AB42-EACF-454D-92D5-DBA9FF3D0E24}
		{6E2B754D-803C-4874-8088-5C106E53C400} = {A30C8928-5F0D-459A-BB1B-0AE24A160CBB}
		{383F9925-8C15-4EC7-BEA2-F15FF3EB181E} = {20B970CD-1737-4427-A924-D299A42346FE}
		{E4556A78-EE8A-416B-9A10-390C073FE507} = {20B970CD-1737-4427-A924-D299A42346FE}
	EndGlobalSection
EndGlobal
